// !$*UTF8*$!
{
	archiveVersion = 1;
	classes = {
	};
	objectVersion = 46;
	objects = {

/* Begin PBXBuildFile section */
		20671D541D4BAD5100CECB2E /* main.m in Sources */ = {isa = PBXBuildFile; fileRef = 20671D531D4BAD5100CECB2E /* main.m */; };
		20671D571D4BAD5100CECB2E /* AppDelegate.m in Sources */ = {isa = PBXBuildFile; fileRef = 20671D561D4BAD5100CECB2E /* AppDelegate.m */; };
		20671D5A1D4BAD5100CECB2E /* ViewController.m in Sources */ = {isa = PBXBuildFile; fileRef = 20671D591D4BAD5100CECB2E /* ViewController.m */; };
		20671D5D1D4BAD5100CECB2E /* Main.storyboard in Resources */ = {isa = PBXBuildFile; fileRef = 20671D5B1D4BAD5100CECB2E /* Main.storyboard */; };
		20671D5F1D4BAD5100CECB2E /* Assets.xcassets in Resources */ = {isa = PBXBuildFile; fileRef = 20671D5E1D4BAD5100CECB2E /* Assets.xcassets */; };
		20671D621D4BAD5100CECB2E /* LaunchScreen.storyboard in Resources */ = {isa = PBXBuildFile; fileRef = 20671D601D4BAD5100CECB2E /* LaunchScreen.storyboard */; };
		20671D6B1D4BAE4500CECB2E /* DemoView.m in Sources */ = {isa = PBXBuildFile; fileRef = 20671D6A1D4BAE4500CECB2E /* DemoView.m */; };
/* End PBXBuildFile section */

/* Begin PBXFileReference section */
		20671D4F1D4BAD5100CECB2E /* uikit 绘图.app */ = {isa = PBXFileReference; explicitFileType = wrapper.application; includeInIndex = 0; path = "uikit 绘图.app"; sourceTree = BUILT_PRODUCTS_DIR; };
		20671D531D4BAD5100CECB2E /* main.m */ = {isa = PBXFileReference; lastKnownFileType = sourcecode.c.objc; path = main.m; sourceTree = "<group>"; };
		20671D551D4BAD5100CECB2E /* AppDelegate.h */ = {isa = PBXFileReference; lastKnownFileType = sourcecode.c.h; path = AppDelegate.h; sourceTree = "<group>"; };
		20671D561D4BAD5100CECB2E /* AppDelegate.m */ = {isa = PBXFileReference; lastKnownFileType = sourcecode.c.objc; path = AppDelegate.m; sourceTree = "<group>"; };
		20671D581D4BAD5100CECB2E /* ViewController.h */ = {isa = PBXFileReference; lastKnownFileType = sourcecode.c.h; path = ViewController.h; sourceTree = "<group>"; };
		20671D591D4BAD5100CECB2E /* ViewController.m */ = {isa = PBXFileReference; lastKnownFileType = sourcecode.c.objc; path = ViewController.m; sourceTree = "<group>"; };
		20671D5C1D4BAD5100CECB2E /* Base */ = {isa = PBXFileReference; lastKnownFileType = file.storyboard; name = Base; path = Base.lproj/Main.storyboard; sourceTree = "<group>"; };
		20671D5E1D4BAD5100CECB2E /* Assets.xcassets */ = {isa = PBXFileReference; lastKnownFileType = folder.assetcatalog; path = Assets.xcassets; sourceTree = "<group>"; };
		20671D611D4BAD5100CECB2E /* Base */ = {isa = PBXFileReference; lastKnownFileType = file.storyboard; name = Base; path = Base.lproj/LaunchScreen.storyboard; sourceTree = "<group>"; };
		20671D631D4BAD5100CECB2E /* Info.plist */ = {isa = PBXFileReference; lastKnownFileType = text.plist.xml; path = Info.plist; sourceTree = "<group>"; };
		20671D691D4BAE4500CECB2E /* DemoView.h */ = {isa = PBXFileReference; fileEncoding = 4; lastKnownFileType = sourcecode.c.h; path = DemoView.h; sourceTree = "<group>"; };
		20671D6A1D4BAE4500CECB2E /* DemoView.m */ = {isa = PBXFileReference; fileEncoding = 4; lastKnownFileType = sourcecode.c.objc; path = DemoView.m; sourceTree = "<group>"; };
/* End PBXFileReference section */

/* Begin PBXFrameworksBuildPhase section */
		20671D4C1D4BAD5100CECB2E /* Frameworks */ = {
			isa = PBXFrameworksBuildPhase;
			buildActionMask = 2147483647;
			files = (
			);
			runOnlyForDeploymentPostprocessing = 0;
		};
/* End PBXFrameworksBuildPhase section */

/* Begin PBXGroup section */
		20671D461D4BAD5100CECB2E = {
			isa = PBXGroup;
			children = (
				20671D511D4BAD5100CECB2E /* uikit 绘图 */,
				20671D501D4BAD5100CECB2E /* Products */,
			);
			sourceTree = "<group>";
		};
		20671D501D4BAD5100CECB2E /* Products */ = {
			isa = PBXGroup;
			children = (
				20671D4F1D4BAD5100CECB2E /* uikit 绘图.app */,
			);
			name = Products;
			sourceTree = "<group>";
		};
		20671D511D4BAD5100CECB2E /* uikit 绘图 */ = {
			isa = PBXGroup;
			children = (
				20671D551D4BAD5100CECB2E /* AppDelegate.h */,
				20671D561D4BAD5100CECB2E /* AppDelegate.m */,
				20671D581D4BAD5100CECB2E /* ViewController.h */,
				20671D591D4BAD5100CECB2E /* ViewController.m */,
				20671D5B1D4BAD5100CECB2E /* Main.storyboard */,
				20671D691D4BAE4500CECB2E /* DemoView.h */,
				20671D6A1D4BAE4500CECB2E /* DemoView.m */,
				20671D5E1D4BAD5100CECB2E /* Assets.xcassets */,
				20671D601D4BAD5100CECB2E /* LaunchScreen.storyboard */,
				20671D631D4BAD5100CECB2E /* Info.plist */,
				20671D521D4BAD5100CECB2E /* Supporting Files */,
			);
			path = "uikit 绘图";
			sourceTree = "<group>";
		};
		20671D521D4BAD5100CECB2E /* Supporting Files */ = {
			isa = PBXGroup;
			children = (
				20671D531D4BAD5100CECB2E /* main.m */,
			);
			name = "Supporting Files";
			sourceTree = "<group>";
		};
/* End PBXGroup section */

/* Begin PBXNativeTarget section */
		20671D4E1D4BAD5100CECB2E /* uikit 绘图 */ = {
			isa = PBXNativeTarget;
			buildConfigurationList = 20671D661D4BAD5100CECB2E /* Build configuration list for PBXNativeTarget "uikit 绘图" */;
			buildPhases = (
				20671D4B1D4BAD5100CECB2E /* Sources */,
				20671D4C1D4BAD5100CECB2E /* Frameworks */,
				20671D4D1D4BAD5100CECB2E /* Resources */,
			);
			buildRules = (
			);
			dependencies = (
			);
			name = "uikit 绘图";
			productName = "uikit 绘图";
			productReference = 20671D4F1D4BAD5100CECB2E /* uikit 绘图.app */;
			productType = "com.apple.product-type.application";
		};
/* End PBXNativeTarget section */

/* Begin PBXProject section */
		20671D471D4BAD5100CECB2E /* Project object */ = {
			isa = PBXProject;
			attributes = {
				LastUpgradeCheck = 0730;
				ORGANIZATIONNAME = HM;
				TargetAttributes = {
					20671D4E1D4BAD5100CECB2E = {
						CreatedOnToolsVersion = 7.3.1;
					};
				};
			};
			buildConfigurationList = 20671D4A1D4BAD5100CECB2E /* Build configuration list for PBXProject "uikit 绘图" */;
			compatibilityVersion = "Xcode 3.2";
			developmentRegion = English;
			hasScannedForEncodings = 0;
			knownRegions = (
				en,
				Base,
			);
			mainGroup = 20671D461D4BAD5100CECB2E;
			productRefGroup = 20671D501D4BAD5100CECB2E /* Products */;
			projectDirPath = "";
			projectRoot = "";
			targets = (
				20671D4E1D4BAD5100CECB2E /* uikit 绘图 */,
			);
		};
/* End PBXProject section */

/* Begin PBXResourcesBuildPhase section */
		20671D4D1D4BAD5100CECB2E /* Resources */ = {
			isa = PBXResourcesBuildPhase;
			buildActionMask = 2147483647;
			files = (
				20671D621D4BAD5100CECB2E /* LaunchScreen.storyboard in Resources */,
				20671D5F1D4BAD5100CECB2E /* Assets.xcassets in Resources */,
				20671D5D1D4BAD5100CECB2E /* Main.storyboard in Resources */,
			);
			runOnlyForDeploymentPostprocessing = 0;
		};
/* End PBXResourcesBuildPhase section */

/* Begin PBXSourcesBuildPhase section */
		20671D4B1D4BAD5100CECB2E /* Sources */ = {
			isa = PBXSourcesBuildPhase;
			buildActionMask = 2147483647;
			files = (
				20671D5A1D4BAD5100CECB2E /* ViewController.m in Sources */,
				20671D6B1D4BAE4500CECB2E /* DemoView.m in Sources */,
				20671D571D4BAD5100CECB2E /* AppDelegate.m in Sources */,
				20671D541D4BAD5100CECB2E /* main.m in Sources */,
			);
			runOnlyForDeploymentPostprocessing = 0;
		};
/* End PBXSourcesBuildPhase section */

/* Begin PBXVariantGroup section */
		20671D5B1D4BAD5100CECB2E /* Main.storyboard */ = {
			isa = PBXVariantGroup;
			children = (
				20671D5C1D4BAD5100CECB2E /* Base */,
			);
			name = Main.storyboard;
			sourceTree = "<group>";
		};
		20671D601D4BAD5100CECB2E /* LaunchScreen.storyboard */ = {
			isa = PBXVariantGroup;
			children = (
				20671D611D4BAD5100CECB2E /* Base */,
			);
			name = LaunchScreen.storyboard;
			sourceTree = "<group>";
		};
/* End PBXVariantGroup section */

/* Begin XCBuildConfiguration section */
		20671D641D4BAD5100CECB2E /* Debug */ = {
			isa = XCBuildConfiguration;
			buildSettings = {
				ALWAYS_SEARCH_USER_PATHS = NO;
				CLANG_ANALYZER_NONNULL = YES;
				CLANG_CXX_LANGUAGE_STANDARD = "gnu++0x";
				CLANG_CXX_LIBRARY = "libc++";
				CLANG_ENABLE_MODULES = YES;
				CLANG_ENABLE_OBJC_ARC = YES;
				CLANG_WARN_BOOL_CONVERSION = YES;
				CLANG_WARN_CONSTANT_CONVERSION = YES;
				CLANG_WARN_DIRECT_OBJC_ISA_USAGE = YES_ERROR;
				CLANG_WARN_EMPTY_BODY = YES;
				CLANG_WARN_ENUM_CONVERSION = YES;
				CLANG_WARN_INT_CONVERSION = YES;
				CLANG_WARN_OBJC_ROOT_CLASS = YES_ERROR;
				CLANG_WARN_UNREACHABLE_CODE = YES;
				CLANG_WARN__DUPLICATE_METHOD_MATCH = YES;
				"CODE_SIGN_IDENTITY[sdk=iphoneos*]" = "iPhone Developer";
				COPY_PHASE_STRIP = NO;
				DEBUG_INFORMATION_FORMAT = dwarf;
				ENABLE_STRICT_OBJC_MSGSEND = YES;
				ENABLE_TESTABILITY = YES;
				GCC_C_LANGUAGE_STANDARD = gnu99;
				GCC_DYNAMIC_NO_PIC = NO;
				GCC_NO_COMMON_BLOCKS = YES;
				GCC_OPTIMIZATION_LEVEL = 0;
				GCC_PREPROCESSOR_DEFINITIONS = (
					"DEBUG=1",
					"$(inherited)",
				);
				GCC_WARN_64_TO_32_BIT_CONVERSION = YES;
				GCC_WARN_ABOUT_RETURN_TYPE = YES_ERROR;
				GCC_WARN_UNDECLARED_SELECTOR = YES;
				GCC_WARN_UNINITIALIZED_AUTOS = YES_AGGRESSIVE;
				GCC_WARN_UNUSED_FUNCTION = YES;
				GCC_WARN_UNUSED_VARIABLE = YES;
				IPHONEOS_DEPLOYMENT_TARGET = 9.3;
				MTL_ENABLE_DEBUG_INFO = YES;
				ONLY_ACTIVE_ARCH = YES;
				SDKROOT = iphoneos;
			};
			name = Debug;
		};
		20671D651D4BAD5100CECB2E /* Release */ = {
			isa = XCBuildConfiguration;
			buildSettings = {
				ALWAYS_SEARCH_USER_PATHS = NO;
				CLANG_ANALYZER_NONNULL = YES;
				CLANG_CXX_LANGUAGE_STANDARD = "gnu++0x";
				CLANG_CXX_LIBRARY = "libc++";
				CLANG_ENABLE_MODULES = YES;
				CLANG_ENABLE_OBJC_ARC = YES;
				CLANG_WARN_BOOL_CONVERSION = YES;
				CLANG_WARN_CONSTANT_CONVERSION = YES;
				CLANG_WARN_DIRECT_OBJC_ISA_USAGE = YES_ERROR;
				CLANG_WARN_EMPTY_BODY = YES;
				CLANG_WARN_ENUM_CONVERSION = YES;
				CLANG_WARN_INT_CONVERSION = YES;
				CLANG_WARN_OBJC_ROOT_CLASS = YES_ERROR;
				CLANG_WARN_UNREACHABLE_CODE = YES;
				CLANG_WARN__DUPLICATE_METHOD_MATCH = YES;
				"CODE_SIGN_IDENTITY[sdk=iphoneos*]" = "iPhone Developer";
				COPY_PHASE_STRIP = NO;
				DEBUG_INFORMATION_FORMAT = "dwarf-with-dsym";
				ENABLE_NS_ASSERTIONS = NO;
				ENABLE_STRICT_OBJC_MSGSEND = YES;
				GCC_C_LANGUAGE_STANDARD = gnu99;
				GCC_NO_COMMON_BLOCKS = YES;
				GCC_WARN_64_TO_32_BIT_CONVERSION = YES;
				GCC_WARN_ABOUT_RETURN_TYPE = YES_ERROR;
				GCC_WARN_UNDECLARED_SELECTOR = YES;
				GCC_WARN_UNINITIALIZED_AUTOS = YES_AGGRESSIVE;
				GCC_WARN_UNUSED_FUNCTION = YES;
				GCC_WARN_UNUSED_VARIABLE = YES;
				IPHONEOS_DEPLOYMENT_TARGET = 9.3;
				MTL_ENABLE_DEBUG_INFO = NO;
				SDKROOT = iphoneos;
				VALIDATE_PRODUCT = YES;
			};
			name = Release;
		};
		20671D671D4BAD5100CECB2E /* Debug */ = {
			isa = XCBuildConfiguration;
			buildSettings = {
				ASSETCATALOG_COMPILER_APPICON_NAME = AppIcon;
				INFOPLIST_FILE = "uikit 绘图/Info.plist";
				LD_RUNPATH_SEARCH_PATHS = "$(inherited) @executable_path/Frameworks";
				PRODUCT_BUNDLE_IDENTIFIER = "cn.itheima.uikit---";
				PRODUCT_NAME = "$(TARGET_NAME)";
			};
			name = Debug;
		};
		20671D681D4BAD5100CECB2E /* Release */ = {
			isa = XCBuildConfiguration;
			buildSettings = {
				ASSETCATALOG_COMPILER_APPICON_NAME = AppIcon;
				INFOPLIST_FILE = "uikit 绘图/Info.plist";
				LD_RUNPATH_SEARCH_PATHS = "$(inherited) @executable_path/Frameworks";
				PRODUCT_BUNDLE_IDENTIFIER = "cn.itheima.uikit---";
				PRODUCT_NAME = "$(TARGET_NAME)";
			};
			name = Release;
		};
/* End XCBuildConfiguration section */

/* Begin XCConfigurationList section */
		20671D4A1D4BAD5100CECB2E /* Build configuration list for PBXProject "uikit 绘图" */ = {
			isa = XCConfigurationList;
			buildConfigurations = (
				20671D641D4BAD5100CECB2E /* Debug */,
				20671D651D4BAD5100CECB2E /* Release */,
			);
			defaultConfigurationIsVisible = 0;
			defaultConfigurationName = Release;
		};
		20671D661D4BAD5100CECB2E /* Build configuration list for PBXNativeTarget "uikit 绘图" */ = {
			isa = XCConfigurationList;
			buildConfigurations = (
				20671D671D4BAD5100CECB2E /* Debug */,
				20671D681D4BAD5100CECB2E /* Release */,
			);
			defaultConfigurationIsVisible = 0;
		};
/* End XCConfigurationList section */
	};
	rootObject = 20671D471D4BAD5100CECB2E /* Project object */;
}
