// !$*UTF8*$!
{
	archiveVersion = 1;
	classes = {
	};
	objectVersion = 46;
	objects = {

/* Begin PBXBuildFile section */
		207B3DDA1D50C7CE00F613C2 /* main.m in Sources */ = {isa = PBXBuildFile; fileRef = 207B3DD91D50C7CE00F613C2 /* main.m */; };
		207B3DDD1D50C7CE00F613C2 /* AppDelegate.m in Sources */ = {isa = PBXBuildFile; fileRef = 207B3DDC1D50C7CE00F613C2 /* AppDelegate.m */; };
		207B3DE01D50C7CE00F613C2 /* ViewController.m in Sources */ = {isa = PBXBuildFile; fileRef = 207B3DDF1D50C7CE00F613C2 /* ViewController.m */; };
		207B3DE31D50C7CE00F613C2 /* Main.storyboard in Resources */ = {isa = PBXBuildFile; fileRef = 207B3DE11D50C7CE00F613C2 /* Main.storyboard */; };
		207B3DE51D50C7CE00F613C2 /* Assets.xcassets in Resources */ = {isa = PBXBuildFile; fileRef = 207B3DE41D50C7CE00F613C2 /* Assets.xcassets */; };
		207B3DE81D50C7CE00F613C2 /* LaunchScreen.storyboard in Resources */ = {isa = PBXBuildFile; fileRef = 207B3DE61D50C7CE00F613C2 /* LaunchScreen.storyboard */; };
		207B3DF11D50D2EA00F613C2 /* HMClockView.m in Sources */ = {isa = PBXBuildFile; fileRef = 207B3DF01D50D2EA00F613C2 /* HMClockView.m */; };
/* End PBXBuildFile section */

/* Begin PBXFileReference section */
		207B3DD51D50C7CE00F613C2 /* 时钟案例.app */ = {isa = PBXFileReference; explicitFileType = wrapper.application; includeInIndex = 0; path = "时钟案例.app"; sourceTree = BUILT_PRODUCTS_DIR; };
		207B3DD91D50C7CE00F613C2 /* main.m */ = {isa = PBXFileReference; lastKnownFileType = sourcecode.c.objc; path = main.m; sourceTree = "<group>"; };
		207B3DDB1D50C7CE00F613C2 /* AppDelegate.h */ = {isa = PBXFileReference; lastKnownFileType = sourcecode.c.h; path = AppDelegate.h; sourceTree = "<group>"; };
		207B3DDC1D50C7CE00F613C2 /* AppDelegate.m */ = {isa = PBXFileReference; lastKnownFileType = sourcecode.c.objc; path = AppDelegate.m; sourceTree = "<group>"; };
		207B3DDE1D50C7CE00F613C2 /* ViewController.h */ = {isa = PBXFileReference; lastKnownFileType = sourcecode.c.h; path = ViewController.h; sourceTree = "<group>"; };
		207B3DDF1D50C7CE00F613C2 /* ViewController.m */ = {isa = PBXFileReference; lastKnownFileType = sourcecode.c.objc; path = ViewController.m; sourceTree = "<group>"; };
		207B3DE21D50C7CE00F613C2 /* Base */ = {isa = PBXFileReference; lastKnownFileType = file.storyboard; name = Base; path = Base.lproj/Main.storyboard; sourceTree = "<group>"; };
		207B3DE41D50C7CE00F613C2 /* Assets.xcassets */ = {isa = PBXFileReference; lastKnownFileType = folder.assetcatalog; path = Assets.xcassets; sourceTree = "<group>"; };
		207B3DE71D50C7CE00F613C2 /* Base */ = {isa = PBXFileReference; lastKnownFileType = file.storyboard; name = Base; path = Base.lproj/LaunchScreen.storyboard; sourceTree = "<group>"; };
		207B3DE91D50C7CE00F613C2 /* Info.plist */ = {isa = PBXFileReference; lastKnownFileType = text.plist.xml; path = Info.plist; sourceTree = "<group>"; };
		207B3DEF1D50D2EA00F613C2 /* HMClockView.h */ = {isa = PBXFileReference; fileEncoding = 4; lastKnownFileType = sourcecode.c.h; path = HMClockView.h; sourceTree = "<group>"; };
		207B3DF01D50D2EA00F613C2 /* HMClockView.m */ = {isa = PBXFileReference; fileEncoding = 4; lastKnownFileType = sourcecode.c.objc; path = HMClockView.m; sourceTree = "<group>"; };
/* End PBXFileReference section */

/* Begin PBXFrameworksBuildPhase section */
		207B3DD21D50C7CE00F613C2 /* Frameworks */ = {
			isa = PBXFrameworksBuildPhase;
			buildActionMask = 2147483647;
			files = (
			);
			runOnlyForDeploymentPostprocessing = 0;
		};
/* End PBXFrameworksBuildPhase section */

/* Begin PBXGroup section */
		207B3DCC1D50C7CE00F613C2 = {
			isa = PBXGroup;
			children = (
				207B3DD71D50C7CE00F613C2 /* 时钟案例 */,
				207B3DD61D50C7CE00F613C2 /* Products */,
			);
			sourceTree = "<group>";
		};
		207B3DD61D50C7CE00F613C2 /* Products */ = {
			isa = PBXGroup;
			children = (
				207B3DD51D50C7CE00F613C2 /* 时钟案例.app */,
			);
			name = Products;
			sourceTree = "<group>";
		};
		207B3DD71D50C7CE00F613C2 /* 时钟案例 */ = {
			isa = PBXGroup;
			children = (
				207B3DDB1D50C7CE00F613C2 /* AppDelegate.h */,
				207B3DDC1D50C7CE00F613C2 /* AppDelegate.m */,
				207B3DDE1D50C7CE00F613C2 /* ViewController.h */,
				207B3DDF1D50C7CE00F613C2 /* ViewController.m */,
				207B3DEF1D50D2EA00F613C2 /* HMClockView.h */,
				207B3DF01D50D2EA00F613C2 /* HMClockView.m */,
				207B3DE11D50C7CE00F613C2 /* Main.storyboard */,
				207B3DE41D50C7CE00F613C2 /* Assets.xcassets */,
				207B3DE61D50C7CE00F613C2 /* LaunchScreen.storyboard */,
				207B3DE91D50C7CE00F613C2 /* Info.plist */,
				207B3DD81D50C7CE00F613C2 /* Supporting Files */,
			);
			path = "时钟案例";
			sourceTree = "<group>";
		};
		207B3DD81D50C7CE00F613C2 /* Supporting Files */ = {
			isa = PBXGroup;
			children = (
				207B3DD91D50C7CE00F613C2 /* main.m */,
			);
			name = "Supporting Files";
			sourceTree = "<group>";
		};
/* End PBXGroup section */

/* Begin PBXNativeTarget section */
		207B3DD41D50C7CE00F613C2 /* 时钟案例 */ = {
			isa = PBXNativeTarget;
			buildConfigurationList = 207B3DEC1D50C7CE00F613C2 /* Build configuration list for PBXNativeTarget "时钟案例" */;
			buildPhases = (
				207B3DD11D50C7CE00F613C2 /* Sources */,
				207B3DD21D50C7CE00F613C2 /* Frameworks */,
				207B3DD31D50C7CE00F613C2 /* Resources */,
			);
			buildRules = (
			);
			dependencies = (
			);
			name = "时钟案例";
			productName = "时钟案例";
			productReference = 207B3DD51D50C7CE00F613C2 /* 时钟案例.app */;
			productType = "com.apple.product-type.application";
		};
/* End PBXNativeTarget section */

/* Begin PBXProject section */
		207B3DCD1D50C7CE00F613C2 /* Project object */ = {
			isa = PBXProject;
			attributes = {
				LastUpgradeCheck = 0730;
				ORGANIZATIONNAME = HM;
				TargetAttributes = {
					207B3DD41D50C7CE00F613C2 = {
						CreatedOnToolsVersion = 7.3.1;
					};
				};
			};
			buildConfigurationList = 207B3DD01D50C7CE00F613C2 /* Build configuration list for PBXProject "时钟案例" */;
			compatibilityVersion = "Xcode 3.2";
			developmentRegion = English;
			hasScannedForEncodings = 0;
			knownRegions = (
				en,
				Base,
			);
			mainGroup = 207B3DCC1D50C7CE00F613C2;
			productRefGroup = 207B3DD61D50C7CE00F613C2 /* Products */;
			projectDirPath = "";
			projectRoot = "";
			targets = (
				207B3DD41D50C7CE00F613C2 /* 时钟案例 */,
			);
		};
/* End PBXProject section */

/* Begin PBXResourcesBuildPhase section */
		207B3DD31D50C7CE00F613C2 /* Resources */ = {
			isa = PBXResourcesBuildPhase;
			buildActionMask = 2147483647;
			files = (
				207B3DE81D50C7CE00F613C2 /* LaunchScreen.storyboard in Resources */,
				207B3DE51D50C7CE00F613C2 /* Assets.xcassets in Resources */,
				207B3DE31D50C7CE00F613C2 /* Main.storyboard in Resources */,
			);
			runOnlyForDeploymentPostprocessing = 0;
		};
/* End PBXResourcesBuildPhase section */

/* Begin PBXSourcesBuildPhase section */
		207B3DD11D50C7CE00F613C2 /* Sources */ = {
			isa = PBXSourcesBuildPhase;
			buildActionMask = 2147483647;
			files = (
				207B3DF11D50D2EA00F613C2 /* HMClockView.m in Sources */,
				207B3DE01D50C7CE00F613C2 /* ViewController.m in Sources */,
				207B3DDD1D50C7CE00F613C2 /* AppDelegate.m in Sources */,
				207B3DDA1D50C7CE00F613C2 /* main.m in Sources */,
			);
			runOnlyForDeploymentPostprocessing = 0;
		};
/* End PBXSourcesBuildPhase section */

/* Begin PBXVariantGroup section */
		207B3DE11D50C7CE00F613C2 /* Main.storyboard */ = {
			isa = PBXVariantGroup;
			children = (
				207B3DE21D50C7CE00F613C2 /* Base */,
			);
			name = Main.storyboard;
			sourceTree = "<group>";
		};
		207B3DE61D50C7CE00F613C2 /* LaunchScreen.storyboard */ = {
			isa = PBXVariantGroup;
			children = (
				207B3DE71D50C7CE00F613C2 /* Base */,
			);
			name = LaunchScreen.storyboard;
			sourceTree = "<group>";
		};
/* End PBXVariantGroup section */

/* Begin XCBuildConfiguration section */
		207B3DEA1D50C7CE00F613C2 /* Debug */ = {
			isa = XCBuildConfiguration;
			buildSettings = {
				ALWAYS_SEARCH_USER_PATHS = NO;
				CLANG_ANALYZER_NONNULL = YES;
				CLANG_CXX_LANGUAGE_STANDARD = "gnu++0x";
				CLANG_CXX_LIBRARY = "libc++";
				CLANG_ENABLE_MODULES = YES;
				CLANG_ENABLE_OBJC_ARC = YES;
				CLANG_WARN_BOOL_CONVERSION = YES;
				CLANG_WARN_CONSTANT_CONVERSION = YES;
				CLANG_WARN_DIRECT_OBJC_ISA_USAGE = YES_ERROR;
				CLANG_WARN_EMPTY_BODY = YES;
				CLANG_WARN_ENUM_CONVERSION = YES;
				CLANG_WARN_INT_CONVERSION = YES;
				CLANG_WARN_OBJC_ROOT_CLASS = YES_ERROR;
				CLANG_WARN_UNREACHABLE_CODE = YES;
				CLANG_WARN__DUPLICATE_METHOD_MATCH = YES;
				"CODE_SIGN_IDENTITY[sdk=iphoneos*]" = "iPhone Developer";
				COPY_PHASE_STRIP = NO;
				DEBUG_INFORMATION_FORMAT = dwarf;
				ENABLE_STRICT_OBJC_MSGSEND = YES;
				ENABLE_TESTABILITY = YES;
				GCC_C_LANGUAGE_STANDARD = gnu99;
				GCC_DYNAMIC_NO_PIC = NO;
				GCC_NO_COMMON_BLOCKS = YES;
				GCC_OPTIMIZATION_LEVEL = 0;
				GCC_PREPROCESSOR_DEFINITIONS = (
					"DEBUG=1",
					"$(inherited)",
				);
				GCC_WARN_64_TO_32_BIT_CONVERSION = YES;
				GCC_WARN_ABOUT_RETURN_TYPE = YES_ERROR;
				GCC_WARN_UNDECLARED_SELECTOR = YES;
				GCC_WARN_UNINITIALIZED_AUTOS = YES_AGGRESSIVE;
				GCC_WARN_UNUSED_FUNCTION = YES;
				GCC_WARN_UNUSED_VARIABLE = YES;
				IPHONEOS_DEPLOYMENT_TARGET = 9.3;
				MTL_ENABLE_DEBUG_INFO = YES;
				ONLY_ACTIVE_ARCH = YES;
				SDKROOT = iphoneos;
			};
			name = Debug;
		};
		207B3DEB1D50C7CE00F613C2 /* Release */ = {
			isa = XCBuildConfiguration;
			buildSettings = {
				ALWAYS_SEARCH_USER_PATHS = NO;
				CLANG_ANALYZER_NONNULL = YES;
				CLANG_CXX_LANGUAGE_STANDARD = "gnu++0x";
				CLANG_CXX_LIBRARY = "libc++";
				CLANG_ENABLE_MODULES = YES;
				CLANG_ENABLE_OBJC_ARC = YES;
				CLANG_WARN_BOOL_CONVERSION = YES;
				CLANG_WARN_CONSTANT_CONVERSION = YES;
				CLANG_WARN_DIRECT_OBJC_ISA_USAGE = YES_ERROR;
				CLANG_WARN_EMPTY_BODY = YES;
				CLANG_WARN_ENUM_CONVERSION = YES;
				CLANG_WARN_INT_CONVERSION = YES;
				CLANG_WARN_OBJC_ROOT_CLASS = YES_ERROR;
				CLANG_WARN_UNREACHABLE_CODE = YES;
				CLANG_WARN__DUPLICATE_METHOD_MATCH = YES;
				"CODE_SIGN_IDENTITY[sdk=iphoneos*]" = "iPhone Developer";
				COPY_PHASE_STRIP = NO;
				DEBUG_INFORMATION_FORMAT = "dwarf-with-dsym";
				ENABLE_NS_ASSERTIONS = NO;
				ENABLE_STRICT_OBJC_MSGSEND = YES;
				GCC_C_LANGUAGE_STANDARD = gnu99;
				GCC_NO_COMMON_BLOCKS = YES;
				GCC_WARN_64_TO_32_BIT_CONVERSION = YES;
				GCC_WARN_ABOUT_RETURN_TYPE = YES_ERROR;
				GCC_WARN_UNDECLARED_SELECTOR = YES;
				GCC_WARN_UNINITIALIZED_AUTOS = YES_AGGRESSIVE;
				GCC_WARN_UNUSED_FUNCTION = YES;
				GCC_WARN_UNUSED_VARIABLE = YES;
				IPHONEOS_DEPLOYMENT_TARGET = 9.3;
				MTL_ENABLE_DEBUG_INFO = NO;
				SDKROOT = iphoneos;
				VALIDATE_PRODUCT = YES;
			};
			name = Release;
		};
		207B3DED1D50C7CE00F613C2 /* Debug */ = {
			isa = XCBuildConfiguration;
			buildSettings = {
				ASSETCATALOG_COMPILER_APPICON_NAME = AppIcon;
				INFOPLIST_FILE = "时钟案例/Info.plist";
				LD_RUNPATH_SEARCH_PATHS = "$(inherited) @executable_path/Frameworks";
				PRODUCT_BUNDLE_IDENTIFIER = "cn.itheima.----";
				PRODUCT_NAME = "$(TARGET_NAME)";
			};
			name = Debug;
		};
		207B3DEE1D50C7CE00F613C2 /* Release */ = {
			isa = XCBuildConfiguration;
			buildSettings = {
				ASSETCATALOG_COMPILER_APPICON_NAME = AppIcon;
				INFOPLIST_FILE = "时钟案例/Info.plist";
				LD_RUNPATH_SEARCH_PATHS = "$(inherited) @executable_path/Frameworks";
				PRODUCT_BUNDLE_IDENTIFIER = "cn.itheima.----";
				PRODUCT_NAME = "$(TARGET_NAME)";
			};
			name = Release;
		};
/* End XCBuildConfiguration section */

/* Begin XCConfigurationList section */
		207B3DD01D50C7CE00F613C2 /* Build configuration list for PBXProject "时钟案例" */ = {
			isa = XCConfigurationList;
			buildConfigurations = (
				207B3DEA1D50C7CE00F613C2 /* Debug */,
				207B3DEB1D50C7CE00F613C2 /* Release */,
			);
			defaultConfigurationIsVisible = 0;
			defaultConfigurationName = Release;
		};
		207B3DEC1D50C7CE00F613C2 /* Build configuration list for PBXNativeTarget "时钟案例" */ = {
			isa = XCConfigurationList;
			buildConfigurations = (
				207B3DED1D50C7CE00F613C2 /* Debug */,
				207B3DEE1D50C7CE00F613C2 /* Release */,
			);
			defaultConfigurationIsVisible = 0;
		};
/* End XCConfigurationList section */
	};
	rootObject = 207B3DCD1D50C7CE00F613C2 /* Project object */;
}
