// !$*UTF8*$!
{
	archiveVersion = 1;
	classes = {
	};
	objectVersion = 46;
	objects = {

/* Begin PBXBuildFile section */
		203C9C4F1D6DEC9F00136CB0 /* main.m in Sources */ = {isa = PBXBuildFile; fileRef = 203C9C4E1D6DEC9F00136CB0 /* main.m */; };
		203C9C521D6DEC9F00136CB0 /* AppDelegate.m in Sources */ = {isa = PBXBuildFile; fileRef = 203C9C511D6DEC9F00136CB0 /* AppDelegate.m */; };
		203C9C551D6DEC9F00136CB0 /* ViewController.m in Sources */ = {isa = PBXBuildFile; fileRef = 203C9C541D6DEC9F00136CB0 /* ViewController.m */; };
		203C9C581D6DEC9F00136CB0 /* Main.storyboard in Resources */ = {isa = PBXBuildFile; fileRef = 203C9C561D6DEC9F00136CB0 /* Main.storyboard */; };
		203C9C5A1D6DEC9F00136CB0 /* Assets.xcassets in Resources */ = {isa = PBXBuildFile; fileRef = 203C9C591D6DEC9F00136CB0 /* Assets.xcassets */; };
		203C9C5D1D6DEC9F00136CB0 /* LaunchScreen.storyboard in Resources */ = {isa = PBXBuildFile; fileRef = 203C9C5B1D6DEC9F00136CB0 /* LaunchScreen.storyboard */; };
/* End PBXBuildFile section */

/* Begin PBXFileReference section */
		203C9C4A1D6DEC9F00136CB0 /* NSURLSession2.app */ = {isa = PBXFileReference; explicitFileType = wrapper.application; includeInIndex = 0; path = NSURLSession2.app; sourceTree = BUILT_PRODUCTS_DIR; };
		203C9C4E1D6DEC9F00136CB0 /* main.m */ = {isa = PBXFileReference; lastKnownFileType = sourcecode.c.objc; path = main.m; sourceTree = "<group>"; };
		203C9C501D6DEC9F00136CB0 /* AppDelegate.h */ = {isa = PBXFileReference; lastKnownFileType = sourcecode.c.h; path = AppDelegate.h; sourceTree = "<group>"; };
		203C9C511D6DEC9F00136CB0 /* AppDelegate.m */ = {isa = PBXFileReference; lastKnownFileType = sourcecode.c.objc; path = AppDelegate.m; sourceTree = "<group>"; };
		203C9C531D6DEC9F00136CB0 /* ViewController.h */ = {isa = PBXFileReference; lastKnownFileType = sourcecode.c.h; path = ViewController.h; sourceTree = "<group>"; };
		203C9C541D6DEC9F00136CB0 /* ViewController.m */ = {isa = PBXFileReference; lastKnownFileType = sourcecode.c.objc; path = ViewController.m; sourceTree = "<group>"; };
		203C9C571D6DEC9F00136CB0 /* Base */ = {isa = PBXFileReference; lastKnownFileType = file.storyboard; name = Base; path = Base.lproj/Main.storyboard; sourceTree = "<group>"; };
		203C9C591D6DEC9F00136CB0 /* Assets.xcassets */ = {isa = PBXFileReference; lastKnownFileType = folder.assetcatalog; path = Assets.xcassets; sourceTree = "<group>"; };
		203C9C5C1D6DEC9F00136CB0 /* Base */ = {isa = PBXFileReference; lastKnownFileType = file.storyboard; name = Base; path = Base.lproj/LaunchScreen.storyboard; sourceTree = "<group>"; };
		203C9C5E1D6DEC9F00136CB0 /* Info.plist */ = {isa = PBXFileReference; lastKnownFileType = text.plist.xml; path = Info.plist; sourceTree = "<group>"; };
/* End PBXFileReference section */

/* Begin PBXFrameworksBuildPhase section */
		203C9C471D6DEC9F00136CB0 /* Frameworks */ = {
			isa = PBXFrameworksBuildPhase;
			buildActionMask = 2147483647;
			files = (
			);
			runOnlyForDeploymentPostprocessing = 0;
		};
/* End PBXFrameworksBuildPhase section */

/* Begin PBXGroup section */
		203C9C411D6DEC9F00136CB0 = {
			isa = PBXGroup;
			children = (
				203C9C4C1D6DEC9F00136CB0 /* NSURLSession2 */,
				203C9C4B1D6DEC9F00136CB0 /* Products */,
			);
			sourceTree = "<group>";
		};
		203C9C4B1D6DEC9F00136CB0 /* Products */ = {
			isa = PBXGroup;
			children = (
				203C9C4A1D6DEC9F00136CB0 /* NSURLSession2.app */,
			);
			name = Products;
			sourceTree = "<group>";
		};
		203C9C4C1D6DEC9F00136CB0 /* NSURLSession2 */ = {
			isa = PBXGroup;
			children = (
				203C9C501D6DEC9F00136CB0 /* AppDelegate.h */,
				203C9C511D6DEC9F00136CB0 /* AppDelegate.m */,
				203C9C531D6DEC9F00136CB0 /* ViewController.h */,
				203C9C541D6DEC9F00136CB0 /* ViewController.m */,
				203C9C561D6DEC9F00136CB0 /* Main.storyboard */,
				203C9C591D6DEC9F00136CB0 /* Assets.xcassets */,
				203C9C5B1D6DEC9F00136CB0 /* LaunchScreen.storyboard */,
				203C9C5E1D6DEC9F00136CB0 /* Info.plist */,
				203C9C4D1D6DEC9F00136CB0 /* Supporting Files */,
			);
			path = NSURLSession2;
			sourceTree = "<group>";
		};
		203C9C4D1D6DEC9F00136CB0 /* Supporting Files */ = {
			isa = PBXGroup;
			children = (
				203C9C4E1D6DEC9F00136CB0 /* main.m */,
			);
			name = "Supporting Files";
			sourceTree = "<group>";
		};
/* End PBXGroup section */

/* Begin PBXNativeTarget section */
		203C9C491D6DEC9F00136CB0 /* NSURLSession2 */ = {
			isa = PBXNativeTarget;
			buildConfigurationList = 203C9C611D6DEC9F00136CB0 /* Build configuration list for PBXNativeTarget "NSURLSession2" */;
			buildPhases = (
				203C9C461D6DEC9F00136CB0 /* Sources */,
				203C9C471D6DEC9F00136CB0 /* Frameworks */,
				203C9C481D6DEC9F00136CB0 /* Resources */,
			);
			buildRules = (
			);
			dependencies = (
			);
			name = NSURLSession2;
			productName = NSURLSession2;
			productReference = 203C9C4A1D6DEC9F00136CB0 /* NSURLSession2.app */;
			productType = "com.apple.product-type.application";
		};
/* End PBXNativeTarget section */

/* Begin PBXProject section */
		203C9C421D6DEC9F00136CB0 /* Project object */ = {
			isa = PBXProject;
			attributes = {
				LastUpgradeCheck = 0730;
				ORGANIZATIONNAME = HM;
				TargetAttributes = {
					203C9C491D6DEC9F00136CB0 = {
						CreatedOnToolsVersion = 7.3.1;
					};
				};
			};
			buildConfigurationList = 203C9C451D6DEC9F00136CB0 /* Build configuration list for PBXProject "NSURLSession2" */;
			compatibilityVersion = "Xcode 3.2";
			developmentRegion = English;
			hasScannedForEncodings = 0;
			knownRegions = (
				en,
				Base,
			);
			mainGroup = 203C9C411D6DEC9F00136CB0;
			productRefGroup = 203C9C4B1D6DEC9F00136CB0 /* Products */;
			projectDirPath = "";
			projectRoot = "";
			targets = (
				203C9C491D6DEC9F00136CB0 /* NSURLSession2 */,
			);
		};
/* End PBXProject section */

/* Begin PBXResourcesBuildPhase section */
		203C9C481D6DEC9F00136CB0 /* Resources */ = {
			isa = PBXResourcesBuildPhase;
			buildActionMask = 2147483647;
			files = (
				203C9C5D1D6DEC9F00136CB0 /* LaunchScreen.storyboard in Resources */,
				203C9C5A1D6DEC9F00136CB0 /* Assets.xcassets in Resources */,
				203C9C581D6DEC9F00136CB0 /* Main.storyboard in Resources */,
			);
			runOnlyForDeploymentPostprocessing = 0;
		};
/* End PBXResourcesBuildPhase section */

/* Begin PBXSourcesBuildPhase section */
		203C9C461D6DEC9F00136CB0 /* Sources */ = {
			isa = PBXSourcesBuildPhase;
			buildActionMask = 2147483647;
			files = (
				203C9C551D6DEC9F00136CB0 /* ViewController.m in Sources */,
				203C9C521D6DEC9F00136CB0 /* AppDelegate.m in Sources */,
				203C9C4F1D6DEC9F00136CB0 /* main.m in Sources */,
			);
			runOnlyForDeploymentPostprocessing = 0;
		};
/* End PBXSourcesBuildPhase section */

/* Begin PBXVariantGroup section */
		203C9C561D6DEC9F00136CB0 /* Main.storyboard */ = {
			isa = PBXVariantGroup;
			children = (
				203C9C571D6DEC9F00136CB0 /* Base */,
			);
			name = Main.storyboard;
			sourceTree = "<group>";
		};
		203C9C5B1D6DEC9F00136CB0 /* LaunchScreen.storyboard */ = {
			isa = PBXVariantGroup;
			children = (
				203C9C5C1D6DEC9F00136CB0 /* Base */,
			);
			name = LaunchScreen.storyboard;
			sourceTree = "<group>";
		};
/* End PBXVariantGroup section */

/* Begin XCBuildConfiguration section */
		203C9C5F1D6DEC9F00136CB0 /* Debug */ = {
			isa = XCBuildConfiguration;
			buildSettings = {
				ALWAYS_SEARCH_USER_PATHS = NO;
				CLANG_ANALYZER_NONNULL = YES;
				CLANG_CXX_LANGUAGE_STANDARD = "gnu++0x";
				CLANG_CXX_LIBRARY = "libc++";
				CLANG_ENABLE_MODULES = YES;
				CLANG_ENABLE_OBJC_ARC = YES;
				CLANG_WARN_BOOL_CONVERSION = YES;
				CLANG_WARN_CONSTANT_CONVERSION = YES;
				CLANG_WARN_DIRECT_OBJC_ISA_USAGE = YES_ERROR;
				CLANG_WARN_EMPTY_BODY = YES;
				CLANG_WARN_ENUM_CONVERSION = YES;
				CLANG_WARN_INT_CONVERSION = YES;
				CLANG_WARN_OBJC_ROOT_CLASS = YES_ERROR;
				CLANG_WARN_UNREACHABLE_CODE = YES;
				CLANG_WARN__DUPLICATE_METHOD_MATCH = YES;
				"CODE_SIGN_IDENTITY[sdk=iphoneos*]" = "iPhone Developer";
				COPY_PHASE_STRIP = NO;
				DEBUG_INFORMATION_FORMAT = dwarf;
				ENABLE_STRICT_OBJC_MSGSEND = YES;
				ENABLE_TESTABILITY = YES;
				GCC_C_LANGUAGE_STANDARD = gnu99;
				GCC_DYNAMIC_NO_PIC = NO;
				GCC_NO_COMMON_BLOCKS = YES;
				GCC_OPTIMIZATION_LEVEL = 0;
				GCC_PREPROCESSOR_DEFINITIONS = (
					"DEBUG=1",
					"$(inherited)",
				);
				GCC_WARN_64_TO_32_BIT_CONVERSION = YES;
				GCC_WARN_ABOUT_RETURN_TYPE = YES_ERROR;
				GCC_WARN_UNDECLARED_SELECTOR = YES;
				GCC_WARN_UNINITIALIZED_AUTOS = YES_AGGRESSIVE;
				GCC_WARN_UNUSED_FUNCTION = YES;
				GCC_WARN_UNUSED_VARIABLE = YES;
				IPHONEOS_DEPLOYMENT_TARGET = 9.3;
				MTL_ENABLE_DEBUG_INFO = YES;
				ONLY_ACTIVE_ARCH = YES;
				SDKROOT = iphoneos;
			};
			name = Debug;
		};
		203C9C601D6DEC9F00136CB0 /* Release */ = {
			isa = XCBuildConfiguration;
			buildSettings = {
				ALWAYS_SEARCH_USER_PATHS = NO;
				CLANG_ANALYZER_NONNULL = YES;
				CLANG_CXX_LANGUAGE_STANDARD = "gnu++0x";
				CLANG_CXX_LIBRARY = "libc++";
				CLANG_ENABLE_MODULES = YES;
				CLANG_ENABLE_OBJC_ARC = YES;
				CLANG_WARN_BOOL_CONVERSION = YES;
				CLANG_WARN_CONSTANT_CONVERSION = YES;
				CLANG_WARN_DIRECT_OBJC_ISA_USAGE = YES_ERROR;
				CLANG_WARN_EMPTY_BODY = YES;
				CLANG_WARN_ENUM_CONVERSION = YES;
				CLANG_WARN_INT_CONVERSION = YES;
				CLANG_WARN_OBJC_ROOT_CLASS = YES_ERROR;
				CLANG_WARN_UNREACHABLE_CODE = YES;
				CLANG_WARN__DUPLICATE_METHOD_MATCH = YES;
				"CODE_SIGN_IDENTITY[sdk=iphoneos*]" = "iPhone Developer";
				COPY_PHASE_STRIP = NO;
				DEBUG_INFORMATION_FORMAT = "dwarf-with-dsym";
				ENABLE_NS_ASSERTIONS = NO;
				ENABLE_STRICT_OBJC_MSGSEND = YES;
				GCC_C_LANGUAGE_STANDARD = gnu99;
				GCC_NO_COMMON_BLOCKS = YES;
				GCC_WARN_64_TO_32_BIT_CONVERSION = YES;
				GCC_WARN_ABOUT_RETURN_TYPE = YES_ERROR;
				GCC_WARN_UNDECLARED_SELECTOR = YES;
				GCC_WARN_UNINITIALIZED_AUTOS = YES_AGGRESSIVE;
				GCC_WARN_UNUSED_FUNCTION = YES;
				GCC_WARN_UNUSED_VARIABLE = YES;
				IPHONEOS_DEPLOYMENT_TARGET = 9.3;
				MTL_ENABLE_DEBUG_INFO = NO;
				SDKROOT = iphoneos;
				VALIDATE_PRODUCT = YES;
			};
			name = Release;
		};
		203C9C621D6DEC9F00136CB0 /* Debug */ = {
			isa = XCBuildConfiguration;
			buildSettings = {
				ASSETCATALOG_COMPILER_APPICON_NAME = AppIcon;
				INFOPLIST_FILE = NSURLSession2/Info.plist;
				LD_RUNPATH_SEARCH_PATHS = "$(inherited) @executable_path/Frameworks";
				PRODUCT_BUNDLE_IDENTIFIER = cn.itheima.NSURLSession2;
				PRODUCT_NAME = "$(TARGET_NAME)";
			};
			name = Debug;
		};
		203C9C631D6DEC9F00136CB0 /* Release */ = {
			isa = XCBuildConfiguration;
			buildSettings = {
				ASSETCATALOG_COMPILER_APPICON_NAME = AppIcon;
				INFOPLIST_FILE = NSURLSession2/Info.plist;
				LD_RUNPATH_SEARCH_PATHS = "$(inherited) @executable_path/Frameworks";
				PRODUCT_BUNDLE_IDENTIFIER = cn.itheima.NSURLSession2;
				PRODUCT_NAME = "$(TARGET_NAME)";
			};
			name = Release;
		};
/* End XCBuildConfiguration section */

/* Begin XCConfigurationList section */
		203C9C451D6DEC9F00136CB0 /* Build configuration list for PBXProject "NSURLSession2" */ = {
			isa = XCConfigurationList;
			buildConfigurations = (
				203C9C5F1D6DEC9F00136CB0 /* Debug */,
				203C9C601D6DEC9F00136CB0 /* Release */,
			);
			defaultConfigurationIsVisible = 0;
			defaultConfigurationName = Release;
		};
		203C9C611D6DEC9F00136CB0 /* Build configuration list for PBXNativeTarget "NSURLSession2" */ = {
			isa = XCConfigurationList;
			buildConfigurations = (
				203C9C621D6DEC9F00136CB0 /* Debug */,
				203C9C631D6DEC9F00136CB0 /* Release */,
			);
			defaultConfigurationIsVisible = 0;
		};
/* End XCConfigurationList section */
	};
	rootObject = 203C9C421D6DEC9F00136CB0 /* Project object */;
}
