// !$*UTF8*$!
{
	archiveVersion = 1;
	classes = {
	};
	objectVersion = 46;
	objects = {

/* Begin PBXBuildFile section */
		20AAB4091D6C16B800C341DC /* main.m in Sources */ = {isa = PBXBuildFile; fileRef = 20AAB4081D6C16B800C341DC /* main.m */; };
		20AAB40C1D6C16B800C341DC /* AppDelegate.m in Sources */ = {isa = PBXBuildFile; fileRef = 20AAB40B1D6C16B800C341DC /* AppDelegate.m */; };
		20AAB40F1D6C16B800C341DC /* ViewController.m in Sources */ = {isa = PBXBuildFile; fileRef = 20AAB40E1D6C16B800C341DC /* ViewController.m */; };
		20AAB4121D6C16B800C341DC /* Main.storyboard in Resources */ = {isa = PBXBuildFile; fileRef = 20AAB4101D6C16B800C341DC /* Main.storyboard */; };
		20AAB4141D6C16B800C341DC /* Assets.xcassets in Resources */ = {isa = PBXBuildFile; fileRef = 20AAB4131D6C16B800C341DC /* Assets.xcassets */; };
		20AAB4171D6C16B800C341DC /* LaunchScreen.storyboard in Resources */ = {isa = PBXBuildFile; fileRef = 20AAB4151D6C16B800C341DC /* LaunchScreen.storyboard */; };
		20AAB4201D6C178800C341DC /* DownLoadOP.m in Sources */ = {isa = PBXBuildFile; fileRef = 20AAB41F1D6C178800C341DC /* DownLoadOP.m */; };
/* End PBXBuildFile section */

/* Begin PBXFileReference section */
		20AAB4041D6C16B800C341DC /* block传值.app */ = {isa = PBXFileReference; explicitFileType = wrapper.application; includeInIndex = 0; path = "block传值.app"; sourceTree = BUILT_PRODUCTS_DIR; };
		20AAB4081D6C16B800C341DC /* main.m */ = {isa = PBXFileReference; lastKnownFileType = sourcecode.c.objc; path = main.m; sourceTree = "<group>"; };
		20AAB40A1D6C16B800C341DC /* AppDelegate.h */ = {isa = PBXFileReference; lastKnownFileType = sourcecode.c.h; path = AppDelegate.h; sourceTree = "<group>"; };
		20AAB40B1D6C16B800C341DC /* AppDelegate.m */ = {isa = PBXFileReference; lastKnownFileType = sourcecode.c.objc; path = AppDelegate.m; sourceTree = "<group>"; };
		20AAB40D1D6C16B800C341DC /* ViewController.h */ = {isa = PBXFileReference; lastKnownFileType = sourcecode.c.h; path = ViewController.h; sourceTree = "<group>"; };
		20AAB40E1D6C16B800C341DC /* ViewController.m */ = {isa = PBXFileReference; lastKnownFileType = sourcecode.c.objc; path = ViewController.m; sourceTree = "<group>"; };
		20AAB4111D6C16B800C341DC /* Base */ = {isa = PBXFileReference; lastKnownFileType = file.storyboard; name = Base; path = Base.lproj/Main.storyboard; sourceTree = "<group>"; };
		20AAB4131D6C16B800C341DC /* Assets.xcassets */ = {isa = PBXFileReference; lastKnownFileType = folder.assetcatalog; path = Assets.xcassets; sourceTree = "<group>"; };
		20AAB4161D6C16B800C341DC /* Base */ = {isa = PBXFileReference; lastKnownFileType = file.storyboard; name = Base; path = Base.lproj/LaunchScreen.storyboard; sourceTree = "<group>"; };
		20AAB4181D6C16B800C341DC /* Info.plist */ = {isa = PBXFileReference; lastKnownFileType = text.plist.xml; path = Info.plist; sourceTree = "<group>"; };
		20AAB41E1D6C178800C341DC /* DownLoadOP.h */ = {isa = PBXFileReference; fileEncoding = 4; lastKnownFileType = sourcecode.c.h; path = DownLoadOP.h; sourceTree = "<group>"; };
		20AAB41F1D6C178800C341DC /* DownLoadOP.m */ = {isa = PBXFileReference; fileEncoding = 4; lastKnownFileType = sourcecode.c.objc; path = DownLoadOP.m; sourceTree = "<group>"; };
/* End PBXFileReference section */

/* Begin PBXFrameworksBuildPhase section */
		20AAB4011D6C16B800C341DC /* Frameworks */ = {
			isa = PBXFrameworksBuildPhase;
			buildActionMask = 2147483647;
			files = (
			);
			runOnlyForDeploymentPostprocessing = 0;
		};
/* End PBXFrameworksBuildPhase section */

/* Begin PBXGroup section */
		20AAB3FB1D6C16B800C341DC = {
			isa = PBXGroup;
			children = (
				20AAB4061D6C16B800C341DC /* block传值 */,
				20AAB4051D6C16B800C341DC /* Products */,
			);
			sourceTree = "<group>";
		};
		20AAB4051D6C16B800C341DC /* Products */ = {
			isa = PBXGroup;
			children = (
				20AAB4041D6C16B800C341DC /* block传值.app */,
			);
			name = Products;
			sourceTree = "<group>";
		};
		20AAB4061D6C16B800C341DC /* block传值 */ = {
			isa = PBXGroup;
			children = (
				20AAB40A1D6C16B800C341DC /* AppDelegate.h */,
				20AAB40B1D6C16B800C341DC /* AppDelegate.m */,
				20AAB40D1D6C16B800C341DC /* ViewController.h */,
				20AAB40E1D6C16B800C341DC /* ViewController.m */,
				20AAB41E1D6C178800C341DC /* DownLoadOP.h */,
				20AAB41F1D6C178800C341DC /* DownLoadOP.m */,
				20AAB4101D6C16B800C341DC /* Main.storyboard */,
				20AAB4131D6C16B800C341DC /* Assets.xcassets */,
				20AAB4151D6C16B800C341DC /* LaunchScreen.storyboard */,
				20AAB4181D6C16B800C341DC /* Info.plist */,
				20AAB4071D6C16B800C341DC /* Supporting Files */,
			);
			path = "block传值";
			sourceTree = "<group>";
		};
		20AAB4071D6C16B800C341DC /* Supporting Files */ = {
			isa = PBXGroup;
			children = (
				20AAB4081D6C16B800C341DC /* main.m */,
			);
			name = "Supporting Files";
			sourceTree = "<group>";
		};
/* End PBXGroup section */

/* Begin PBXNativeTarget section */
		20AAB4031D6C16B800C341DC /* block传值 */ = {
			isa = PBXNativeTarget;
			buildConfigurationList = 20AAB41B1D6C16B800C341DC /* Build configuration list for PBXNativeTarget "block传值" */;
			buildPhases = (
				20AAB4001D6C16B800C341DC /* Sources */,
				20AAB4011D6C16B800C341DC /* Frameworks */,
				20AAB4021D6C16B800C341DC /* Resources */,
			);
			buildRules = (
			);
			dependencies = (
			);
			name = "block传值";
			productName = "block传值";
			productReference = 20AAB4041D6C16B800C341DC /* block传值.app */;
			productType = "com.apple.product-type.application";
		};
/* End PBXNativeTarget section */

/* Begin PBXProject section */
		20AAB3FC1D6C16B800C341DC /* Project object */ = {
			isa = PBXProject;
			attributes = {
				LastUpgradeCheck = 0730;
				ORGANIZATIONNAME = HM;
				TargetAttributes = {
					20AAB4031D6C16B800C341DC = {
						CreatedOnToolsVersion = 7.3.1;
					};
				};
			};
			buildConfigurationList = 20AAB3FF1D6C16B800C341DC /* Build configuration list for PBXProject "block传值" */;
			compatibilityVersion = "Xcode 3.2";
			developmentRegion = English;
			hasScannedForEncodings = 0;
			knownRegions = (
				en,
				Base,
			);
			mainGroup = 20AAB3FB1D6C16B800C341DC;
			productRefGroup = 20AAB4051D6C16B800C341DC /* Products */;
			projectDirPath = "";
			projectRoot = "";
			targets = (
				20AAB4031D6C16B800C341DC /* block传值 */,
			);
		};
/* End PBXProject section */

/* Begin PBXResourcesBuildPhase section */
		20AAB4021D6C16B800C341DC /* Resources */ = {
			isa = PBXResourcesBuildPhase;
			buildActionMask = 2147483647;
			files = (
				20AAB4171D6C16B800C341DC /* LaunchScreen.storyboard in Resources */,
				20AAB4141D6C16B800C341DC /* Assets.xcassets in Resources */,
				20AAB4121D6C16B800C341DC /* Main.storyboard in Resources */,
			);
			runOnlyForDeploymentPostprocessing = 0;
		};
/* End PBXResourcesBuildPhase section */

/* Begin PBXSourcesBuildPhase section */
		20AAB4001D6C16B800C341DC /* Sources */ = {
			isa = PBXSourcesBuildPhase;
			buildActionMask = 2147483647;
			files = (
				20AAB40F1D6C16B800C341DC /* ViewController.m in Sources */,
				20AAB40C1D6C16B800C341DC /* AppDelegate.m in Sources */,
				20AAB4201D6C178800C341DC /* DownLoadOP.m in Sources */,
				20AAB4091D6C16B800C341DC /* main.m in Sources */,
			);
			runOnlyForDeploymentPostprocessing = 0;
		};
/* End PBXSourcesBuildPhase section */

/* Begin PBXVariantGroup section */
		20AAB4101D6C16B800C341DC /* Main.storyboard */ = {
			isa = PBXVariantGroup;
			children = (
				20AAB4111D6C16B800C341DC /* Base */,
			);
			name = Main.storyboard;
			sourceTree = "<group>";
		};
		20AAB4151D6C16B800C341DC /* LaunchScreen.storyboard */ = {
			isa = PBXVariantGroup;
			children = (
				20AAB4161D6C16B800C341DC /* Base */,
			);
			name = LaunchScreen.storyboard;
			sourceTree = "<group>";
		};
/* End PBXVariantGroup section */

/* Begin XCBuildConfiguration section */
		20AAB4191D6C16B800C341DC /* Debug */ = {
			isa = XCBuildConfiguration;
			buildSettings = {
				ALWAYS_SEARCH_USER_PATHS = NO;
				CLANG_ANALYZER_NONNULL = YES;
				CLANG_CXX_LANGUAGE_STANDARD = "gnu++0x";
				CLANG_CXX_LIBRARY = "libc++";
				CLANG_ENABLE_MODULES = YES;
				CLANG_ENABLE_OBJC_ARC = YES;
				CLANG_WARN_BOOL_CONVERSION = YES;
				CLANG_WARN_CONSTANT_CONVERSION = YES;
				CLANG_WARN_DIRECT_OBJC_ISA_USAGE = YES_ERROR;
				CLANG_WARN_EMPTY_BODY = YES;
				CLANG_WARN_ENUM_CONVERSION = YES;
				CLANG_WARN_INT_CONVERSION = YES;
				CLANG_WARN_OBJC_ROOT_CLASS = YES_ERROR;
				CLANG_WARN_UNREACHABLE_CODE = YES;
				CLANG_WARN__DUPLICATE_METHOD_MATCH = YES;
				"CODE_SIGN_IDENTITY[sdk=iphoneos*]" = "iPhone Developer";
				COPY_PHASE_STRIP = NO;
				DEBUG_INFORMATION_FORMAT = dwarf;
				ENABLE_STRICT_OBJC_MSGSEND = YES;
				ENABLE_TESTABILITY = YES;
				GCC_C_LANGUAGE_STANDARD = gnu99;
				GCC_DYNAMIC_NO_PIC = NO;
				GCC_NO_COMMON_BLOCKS = YES;
				GCC_OPTIMIZATION_LEVEL = 0;
				GCC_PREPROCESSOR_DEFINITIONS = (
					"DEBUG=1",
					"$(inherited)",
				);
				GCC_WARN_64_TO_32_BIT_CONVERSION = YES;
				GCC_WARN_ABOUT_RETURN_TYPE = YES_ERROR;
				GCC_WARN_UNDECLARED_SELECTOR = YES;
				GCC_WARN_UNINITIALIZED_AUTOS = YES_AGGRESSIVE;
				GCC_WARN_UNUSED_FUNCTION = YES;
				GCC_WARN_UNUSED_VARIABLE = YES;
				IPHONEOS_DEPLOYMENT_TARGET = 9.3;
				MTL_ENABLE_DEBUG_INFO = YES;
				ONLY_ACTIVE_ARCH = YES;
				SDKROOT = iphoneos;
			};
			name = Debug;
		};
		20AAB41A1D6C16B800C341DC /* Release */ = {
			isa = XCBuildConfiguration;
			buildSettings = {
				ALWAYS_SEARCH_USER_PATHS = NO;
				CLANG_ANALYZER_NONNULL = YES;
				CLANG_CXX_LANGUAGE_STANDARD = "gnu++0x";
				CLANG_CXX_LIBRARY = "libc++";
				CLANG_ENABLE_MODULES = YES;
				CLANG_ENABLE_OBJC_ARC = YES;
				CLANG_WARN_BOOL_CONVERSION = YES;
				CLANG_WARN_CONSTANT_CONVERSION = YES;
				CLANG_WARN_DIRECT_OBJC_ISA_USAGE = YES_ERROR;
				CLANG_WARN_EMPTY_BODY = YES;
				CLANG_WARN_ENUM_CONVERSION = YES;
				CLANG_WARN_INT_CONVERSION = YES;
				CLANG_WARN_OBJC_ROOT_CLASS = YES_ERROR;
				CLANG_WARN_UNREACHABLE_CODE = YES;
				CLANG_WARN__DUPLICATE_METHOD_MATCH = YES;
				"CODE_SIGN_IDENTITY[sdk=iphoneos*]" = "iPhone Developer";
				COPY_PHASE_STRIP = NO;
				DEBUG_INFORMATION_FORMAT = "dwarf-with-dsym";
				ENABLE_NS_ASSERTIONS = NO;
				ENABLE_STRICT_OBJC_MSGSEND = YES;
				GCC_C_LANGUAGE_STANDARD = gnu99;
				GCC_NO_COMMON_BLOCKS = YES;
				GCC_WARN_64_TO_32_BIT_CONVERSION = YES;
				GCC_WARN_ABOUT_RETURN_TYPE = YES_ERROR;
				GCC_WARN_UNDECLARED_SELECTOR = YES;
				GCC_WARN_UNINITIALIZED_AUTOS = YES_AGGRESSIVE;
				GCC_WARN_UNUSED_FUNCTION = YES;
				GCC_WARN_UNUSED_VARIABLE = YES;
				IPHONEOS_DEPLOYMENT_TARGET = 9.3;
				MTL_ENABLE_DEBUG_INFO = NO;
				SDKROOT = iphoneos;
				VALIDATE_PRODUCT = YES;
			};
			name = Release;
		};
		20AAB41C1D6C16B800C341DC /* Debug */ = {
			isa = XCBuildConfiguration;
			buildSettings = {
				ASSETCATALOG_COMPILER_APPICON_NAME = AppIcon;
				INFOPLIST_FILE = "block传值/Info.plist";
				LD_RUNPATH_SEARCH_PATHS = "$(inherited) @executable_path/Frameworks";
				PRODUCT_BUNDLE_IDENTIFIER = "cn.itheima.block--";
				PRODUCT_NAME = "$(TARGET_NAME)";
			};
			name = Debug;
		};
		20AAB41D1D6C16B800C341DC /* Release */ = {
			isa = XCBuildConfiguration;
			buildSettings = {
				ASSETCATALOG_COMPILER_APPICON_NAME = AppIcon;
				INFOPLIST_FILE = "block传值/Info.plist";
				LD_RUNPATH_SEARCH_PATHS = "$(inherited) @executable_path/Frameworks";
				PRODUCT_BUNDLE_IDENTIFIER = "cn.itheima.block--";
				PRODUCT_NAME = "$(TARGET_NAME)";
			};
			name = Release;
		};
/* End XCBuildConfiguration section */

/* Begin XCConfigurationList section */
		20AAB3FF1D6C16B800C341DC /* Build configuration list for PBXProject "block传值" */ = {
			isa = XCConfigurationList;
			buildConfigurations = (
				20AAB4191D6C16B800C341DC /* Debug */,
				20AAB41A1D6C16B800C341DC /* Release */,
			);
			defaultConfigurationIsVisible = 0;
			defaultConfigurationName = Release;
		};
		20AAB41B1D6C16B800C341DC /* Build configuration list for PBXNativeTarget "block传值" */ = {
			isa = XCConfigurationList;
			buildConfigurations = (
				20AAB41C1D6C16B800C341DC /* Debug */,
				20AAB41D1D6C16B800C341DC /* Release */,
			);
			defaultConfigurationIsVisible = 0;
		};
/* End XCConfigurationList section */
	};
	rootObject = 20AAB3FC1D6C16B800C341DC /* Project object */;
}
