// !$*UTF8*$!
{
	archiveVersion = 1;
	classes = {
	};
	objectVersion = 46;
	objects = {

/* Begin PBXBuildFile section */
		20534B241D72EF1E00829C80 /* NSString+Hash.m in Sources */ = {isa = PBXBuildFile; fileRef = 20534B231D72EF1E00829C80 /* NSString+Hash.m */; };
		20CA2AFB1D72CF5C008DB818 /* main.m in Sources */ = {isa = PBXBuildFile; fileRef = 20CA2AFA1D72CF5C008DB818 /* main.m */; };
		20CA2AFE1D72CF5C008DB818 /* AppDelegate.m in Sources */ = {isa = PBXBuildFile; fileRef = 20CA2AFD1D72CF5C008DB818 /* AppDelegate.m */; };
		20CA2B011D72CF5C008DB818 /* ViewController.m in Sources */ = {isa = PBXBuildFile; fileRef = 20CA2B001D72CF5C008DB818 /* ViewController.m */; };
		20CA2B041D72CF5C008DB818 /* Main.storyboard in Resources */ = {isa = PBXBuildFile; fileRef = 20CA2B021D72CF5C008DB818 /* Main.storyboard */; };
		20CA2B061D72CF5C008DB818 /* Assets.xcassets in Resources */ = {isa = PBXBuildFile; fileRef = 20CA2B051D72CF5C008DB818 /* Assets.xcassets */; };
		20CA2B091D72CF5C008DB818 /* LaunchScreen.storyboard in Resources */ = {isa = PBXBuildFile; fileRef = 20CA2B071D72CF5C008DB818 /* LaunchScreen.storyboard */; };
/* End PBXBuildFile section */

/* Begin PBXFileReference section */
		20534B221D72EF1E00829C80 /* NSString+Hash.h */ = {isa = PBXFileReference; fileEncoding = 4; lastKnownFileType = sourcecode.c.h; path = "NSString+Hash.h"; sourceTree = "<group>"; };
		20534B231D72EF1E00829C80 /* NSString+Hash.m */ = {isa = PBXFileReference; fileEncoding = 4; lastKnownFileType = sourcecode.c.objc; path = "NSString+Hash.m"; sourceTree = "<group>"; };
		20CA2AF61D72CF5C008DB818 /* post请求登陆.app */ = {isa = PBXFileReference; explicitFileType = wrapper.application; includeInIndex = 0; path = "post请求登陆.app"; sourceTree = BUILT_PRODUCTS_DIR; };
		20CA2AFA1D72CF5C008DB818 /* main.m */ = {isa = PBXFileReference; lastKnownFileType = sourcecode.c.objc; path = main.m; sourceTree = "<group>"; };
		20CA2AFC1D72CF5C008DB818 /* AppDelegate.h */ = {isa = PBXFileReference; lastKnownFileType = sourcecode.c.h; path = AppDelegate.h; sourceTree = "<group>"; };
		20CA2AFD1D72CF5C008DB818 /* AppDelegate.m */ = {isa = PBXFileReference; lastKnownFileType = sourcecode.c.objc; path = AppDelegate.m; sourceTree = "<group>"; };
		20CA2AFF1D72CF5C008DB818 /* ViewController.h */ = {isa = PBXFileReference; lastKnownFileType = sourcecode.c.h; path = ViewController.h; sourceTree = "<group>"; };
		20CA2B001D72CF5C008DB818 /* ViewController.m */ = {isa = PBXFileReference; lastKnownFileType = sourcecode.c.objc; path = ViewController.m; sourceTree = "<group>"; };
		20CA2B031D72CF5C008DB818 /* Base */ = {isa = PBXFileReference; lastKnownFileType = file.storyboard; name = Base; path = Base.lproj/Main.storyboard; sourceTree = "<group>"; };
		20CA2B051D72CF5C008DB818 /* Assets.xcassets */ = {isa = PBXFileReference; lastKnownFileType = folder.assetcatalog; path = Assets.xcassets; sourceTree = "<group>"; };
		20CA2B081D72CF5C008DB818 /* Base */ = {isa = PBXFileReference; lastKnownFileType = file.storyboard; name = Base; path = Base.lproj/LaunchScreen.storyboard; sourceTree = "<group>"; };
		20CA2B0A1D72CF5C008DB818 /* Info.plist */ = {isa = PBXFileReference; lastKnownFileType = text.plist.xml; path = Info.plist; sourceTree = "<group>"; };
/* End PBXFileReference section */

/* Begin PBXFrameworksBuildPhase section */
		20CA2AF31D72CF5C008DB818 /* Frameworks */ = {
			isa = PBXFrameworksBuildPhase;
			buildActionMask = 2147483647;
			files = (
			);
			runOnlyForDeploymentPostprocessing = 0;
		};
/* End PBXFrameworksBuildPhase section */

/* Begin PBXGroup section */
		20CA2AED1D72CF5C008DB818 = {
			isa = PBXGroup;
			children = (
				20CA2AF81D72CF5C008DB818 /* post请求登陆 */,
				20CA2AF71D72CF5C008DB818 /* Products */,
			);
			sourceTree = "<group>";
		};
		20CA2AF71D72CF5C008DB818 /* Products */ = {
			isa = PBXGroup;
			children = (
				20CA2AF61D72CF5C008DB818 /* post请求登陆.app */,
			);
			name = Products;
			sourceTree = "<group>";
		};
		20CA2AF81D72CF5C008DB818 /* post请求登陆 */ = {
			isa = PBXGroup;
			children = (
				20534B221D72EF1E00829C80 /* NSString+Hash.h */,
				20534B231D72EF1E00829C80 /* NSString+Hash.m */,
				20CA2AFC1D72CF5C008DB818 /* AppDelegate.h */,
				20CA2AFD1D72CF5C008DB818 /* AppDelegate.m */,
				20CA2AFF1D72CF5C008DB818 /* ViewController.h */,
				20CA2B001D72CF5C008DB818 /* ViewController.m */,
				20CA2B021D72CF5C008DB818 /* Main.storyboard */,
				20CA2B051D72CF5C008DB818 /* Assets.xcassets */,
				20CA2B071D72CF5C008DB818 /* LaunchScreen.storyboard */,
				20CA2B0A1D72CF5C008DB818 /* Info.plist */,
				20CA2AF91D72CF5C008DB818 /* Supporting Files */,
			);
			path = "post请求登陆";
			sourceTree = "<group>";
		};
		20CA2AF91D72CF5C008DB818 /* Supporting Files */ = {
			isa = PBXGroup;
			children = (
				20CA2AFA1D72CF5C008DB818 /* main.m */,
			);
			name = "Supporting Files";
			sourceTree = "<group>";
		};
/* End PBXGroup section */

/* Begin PBXNativeTarget section */
		20CA2AF51D72CF5C008DB818 /* post请求登陆 */ = {
			isa = PBXNativeTarget;
			buildConfigurationList = 20CA2B0D1D72CF5C008DB818 /* Build configuration list for PBXNativeTarget "post请求登陆" */;
			buildPhases = (
				20CA2AF21D72CF5C008DB818 /* Sources */,
				20CA2AF31D72CF5C008DB818 /* Frameworks */,
				20CA2AF41D72CF5C008DB818 /* Resources */,
			);
			buildRules = (
			);
			dependencies = (
			);
			name = "post请求登陆";
			productName = "post请求登陆";
			productReference = 20CA2AF61D72CF5C008DB818 /* post请求登陆.app */;
			productType = "com.apple.product-type.application";
		};
/* End PBXNativeTarget section */

/* Begin PBXProject section */
		20CA2AEE1D72CF5C008DB818 /* Project object */ = {
			isa = PBXProject;
			attributes = {
				LastUpgradeCheck = 0730;
				ORGANIZATIONNAME = HM;
				TargetAttributes = {
					20CA2AF51D72CF5C008DB818 = {
						CreatedOnToolsVersion = 7.3.1;
					};
				};
			};
			buildConfigurationList = 20CA2AF11D72CF5C008DB818 /* Build configuration list for PBXProject "post请求登陆" */;
			compatibilityVersion = "Xcode 3.2";
			developmentRegion = English;
			hasScannedForEncodings = 0;
			knownRegions = (
				en,
				Base,
			);
			mainGroup = 20CA2AED1D72CF5C008DB818;
			productRefGroup = 20CA2AF71D72CF5C008DB818 /* Products */;
			projectDirPath = "";
			projectRoot = "";
			targets = (
				20CA2AF51D72CF5C008DB818 /* post请求登陆 */,
			);
		};
/* End PBXProject section */

/* Begin PBXResourcesBuildPhase section */
		20CA2AF41D72CF5C008DB818 /* Resources */ = {
			isa = PBXResourcesBuildPhase;
			buildActionMask = 2147483647;
			files = (
				20CA2B091D72CF5C008DB818 /* LaunchScreen.storyboard in Resources */,
				20CA2B061D72CF5C008DB818 /* Assets.xcassets in Resources */,
				20CA2B041D72CF5C008DB818 /* Main.storyboard in Resources */,
			);
			runOnlyForDeploymentPostprocessing = 0;
		};
/* End PBXResourcesBuildPhase section */

/* Begin PBXSourcesBuildPhase section */
		20CA2AF21D72CF5C008DB818 /* Sources */ = {
			isa = PBXSourcesBuildPhase;
			buildActionMask = 2147483647;
			files = (
				20CA2B011D72CF5C008DB818 /* ViewController.m in Sources */,
				20534B241D72EF1E00829C80 /* NSString+Hash.m in Sources */,
				20CA2AFE1D72CF5C008DB818 /* AppDelegate.m in Sources */,
				20CA2AFB1D72CF5C008DB818 /* main.m in Sources */,
			);
			runOnlyForDeploymentPostprocessing = 0;
		};
/* End PBXSourcesBuildPhase section */

/* Begin PBXVariantGroup section */
		20CA2B021D72CF5C008DB818 /* Main.storyboard */ = {
			isa = PBXVariantGroup;
			children = (
				20CA2B031D72CF5C008DB818 /* Base */,
			);
			name = Main.storyboard;
			sourceTree = "<group>";
		};
		20CA2B071D72CF5C008DB818 /* LaunchScreen.storyboard */ = {
			isa = PBXVariantGroup;
			children = (
				20CA2B081D72CF5C008DB818 /* Base */,
			);
			name = LaunchScreen.storyboard;
			sourceTree = "<group>";
		};
/* End PBXVariantGroup section */

/* Begin XCBuildConfiguration section */
		20CA2B0B1D72CF5C008DB818 /* Debug */ = {
			isa = XCBuildConfiguration;
			buildSettings = {
				ALWAYS_SEARCH_USER_PATHS = NO;
				CLANG_ANALYZER_NONNULL = YES;
				CLANG_CXX_LANGUAGE_STANDARD = "gnu++0x";
				CLANG_CXX_LIBRARY = "libc++";
				CLANG_ENABLE_MODULES = YES;
				CLANG_ENABLE_OBJC_ARC = YES;
				CLANG_WARN_BOOL_CONVERSION = YES;
				CLANG_WARN_CONSTANT_CONVERSION = YES;
				CLANG_WARN_DIRECT_OBJC_ISA_USAGE = YES_ERROR;
				CLANG_WARN_EMPTY_BODY = YES;
				CLANG_WARN_ENUM_CONVERSION = YES;
				CLANG_WARN_INT_CONVERSION = YES;
				CLANG_WARN_OBJC_ROOT_CLASS = YES_ERROR;
				CLANG_WARN_UNREACHABLE_CODE = YES;
				CLANG_WARN__DUPLICATE_METHOD_MATCH = YES;
				"CODE_SIGN_IDENTITY[sdk=iphoneos*]" = "iPhone Developer";
				COPY_PHASE_STRIP = NO;
				DEBUG_INFORMATION_FORMAT = dwarf;
				ENABLE_STRICT_OBJC_MSGSEND = YES;
				ENABLE_TESTABILITY = YES;
				GCC_C_LANGUAGE_STANDARD = gnu99;
				GCC_DYNAMIC_NO_PIC = NO;
				GCC_NO_COMMON_BLOCKS = YES;
				GCC_OPTIMIZATION_LEVEL = 0;
				GCC_PREPROCESSOR_DEFINITIONS = (
					"DEBUG=1",
					"$(inherited)",
				);
				GCC_WARN_64_TO_32_BIT_CONVERSION = YES;
				GCC_WARN_ABOUT_RETURN_TYPE = YES_ERROR;
				GCC_WARN_UNDECLARED_SELECTOR = YES;
				GCC_WARN_UNINITIALIZED_AUTOS = YES_AGGRESSIVE;
				GCC_WARN_UNUSED_FUNCTION = YES;
				GCC_WARN_UNUSED_VARIABLE = YES;
				IPHONEOS_DEPLOYMENT_TARGET = 9.3;
				MTL_ENABLE_DEBUG_INFO = YES;
				ONLY_ACTIVE_ARCH = YES;
				SDKROOT = iphoneos;
			};
			name = Debug;
		};
		20CA2B0C1D72CF5C008DB818 /* Release */ = {
			isa = XCBuildConfiguration;
			buildSettings = {
				ALWAYS_SEARCH_USER_PATHS = NO;
				CLANG_ANALYZER_NONNULL = YES;
				CLANG_CXX_LANGUAGE_STANDARD = "gnu++0x";
				CLANG_CXX_LIBRARY = "libc++";
				CLANG_ENABLE_MODULES = YES;
				CLANG_ENABLE_OBJC_ARC = YES;
				CLANG_WARN_BOOL_CONVERSION = YES;
				CLANG_WARN_CONSTANT_CONVERSION = YES;
				CLANG_WARN_DIRECT_OBJC_ISA_USAGE = YES_ERROR;
				CLANG_WARN_EMPTY_BODY = YES;
				CLANG_WARN_ENUM_CONVERSION = YES;
				CLANG_WARN_INT_CONVERSION = YES;
				CLANG_WARN_OBJC_ROOT_CLASS = YES_ERROR;
				CLANG_WARN_UNREACHABLE_CODE = YES;
				CLANG_WARN__DUPLICATE_METHOD_MATCH = YES;
				"CODE_SIGN_IDENTITY[sdk=iphoneos*]" = "iPhone Developer";
				COPY_PHASE_STRIP = NO;
				DEBUG_INFORMATION_FORMAT = "dwarf-with-dsym";
				ENABLE_NS_ASSERTIONS = NO;
				ENABLE_STRICT_OBJC_MSGSEND = YES;
				GCC_C_LANGUAGE_STANDARD = gnu99;
				GCC_NO_COMMON_BLOCKS = YES;
				GCC_WARN_64_TO_32_BIT_CONVERSION = YES;
				GCC_WARN_ABOUT_RETURN_TYPE = YES_ERROR;
				GCC_WARN_UNDECLARED_SELECTOR = YES;
				GCC_WARN_UNINITIALIZED_AUTOS = YES_AGGRESSIVE;
				GCC_WARN_UNUSED_FUNCTION = YES;
				GCC_WARN_UNUSED_VARIABLE = YES;
				IPHONEOS_DEPLOYMENT_TARGET = 9.3;
				MTL_ENABLE_DEBUG_INFO = NO;
				SDKROOT = iphoneos;
				VALIDATE_PRODUCT = YES;
			};
			name = Release;
		};
		20CA2B0E1D72CF5C008DB818 /* Debug */ = {
			isa = XCBuildConfiguration;
			buildSettings = {
				ASSETCATALOG_COMPILER_APPICON_NAME = AppIcon;
				INFOPLIST_FILE = "post请求登陆/Info.plist";
				LD_RUNPATH_SEARCH_PATHS = "$(inherited) @executable_path/Frameworks";
				PRODUCT_BUNDLE_IDENTIFIER = "cn.itheima.post----";
				PRODUCT_NAME = "$(TARGET_NAME)";
			};
			name = Debug;
		};
		20CA2B0F1D72CF5C008DB818 /* Release */ = {
			isa = XCBuildConfiguration;
			buildSettings = {
				ASSETCATALOG_COMPILER_APPICON_NAME = AppIcon;
				INFOPLIST_FILE = "post请求登陆/Info.plist";
				LD_RUNPATH_SEARCH_PATHS = "$(inherited) @executable_path/Frameworks";
				PRODUCT_BUNDLE_IDENTIFIER = "cn.itheima.post----";
				PRODUCT_NAME = "$(TARGET_NAME)";
			};
			name = Release;
		};
/* End XCBuildConfiguration section */

/* Begin XCConfigurationList section */
		20CA2AF11D72CF5C008DB818 /* Build configuration list for PBXProject "post请求登陆" */ = {
			isa = XCConfigurationList;
			buildConfigurations = (
				20CA2B0B1D72CF5C008DB818 /* Debug */,
				20CA2B0C1D72CF5C008DB818 /* Release */,
			);
			defaultConfigurationIsVisible = 0;
			defaultConfigurationName = Release;
		};
		20CA2B0D1D72CF5C008DB818 /* Build configuration list for PBXNativeTarget "post请求登陆" */ = {
			isa = XCConfigurationList;
			buildConfigurations = (
				20CA2B0E1D72CF5C008DB818 /* Debug */,
				20CA2B0F1D72CF5C008DB818 /* Release */,
			);
			defaultConfigurationIsVisible = 0;
			defaultConfigurationName = Release;
		};
/* End XCConfigurationList section */
	};
	rootObject = 20CA2AEE1D72CF5C008DB818 /* Project object */;
}
