// !$*UTF8*$!
{
	archiveVersion = 1;
	classes = {
	};
	objectVersion = 46;
	objects = {

/* Begin PBXBuildFile section */
		20DE2EDA1D4E63000068BE85 /* main.m in Sources */ = {isa = PBXBuildFile; fileRef = 20DE2ED91D4E63000068BE85 /* main.m */; };
		20DE2EDD1D4E63000068BE85 /* AppDelegate.m in Sources */ = {isa = PBXBuildFile; fileRef = 20DE2EDC1D4E63000068BE85 /* AppDelegate.m */; };
		20DE2EE01D4E63000068BE85 /* ViewController.m in Sources */ = {isa = PBXBuildFile; fileRef = 20DE2EDF1D4E63000068BE85 /* ViewController.m */; };
		20DE2EE31D4E63000068BE85 /* Main.storyboard in Resources */ = {isa = PBXBuildFile; fileRef = 20DE2EE11D4E63000068BE85 /* Main.storyboard */; };
		20DE2EE51D4E63000068BE85 /* Assets.xcassets in Resources */ = {isa = PBXBuildFile; fileRef = 20DE2EE41D4E63000068BE85 /* Assets.xcassets */; };
		20DE2EE81D4E63000068BE85 /* LaunchScreen.storyboard in Resources */ = {isa = PBXBuildFile; fileRef = 20DE2EE61D4E63000068BE85 /* LaunchScreen.storyboard */; };
		20DE2EF11D4E69AA0068BE85 /* HMDemoView.m in Sources */ = {isa = PBXBuildFile; fileRef = 20DE2EF01D4E69AA0068BE85 /* HMDemoView.m */; };
/* End PBXBuildFile section */

/* Begin PBXFileReference section */
		20DE2ED51D4E63000068BE85 /* 画板.app */ = {isa = PBXFileReference; explicitFileType = wrapper.application; includeInIndex = 0; path = "画板.app"; sourceTree = BUILT_PRODUCTS_DIR; };
		20DE2ED91D4E63000068BE85 /* main.m */ = {isa = PBXFileReference; lastKnownFileType = sourcecode.c.objc; path = main.m; sourceTree = "<group>"; };
		20DE2EDB1D4E63000068BE85 /* AppDelegate.h */ = {isa = PBXFileReference; lastKnownFileType = sourcecode.c.h; path = AppDelegate.h; sourceTree = "<group>"; };
		20DE2EDC1D4E63000068BE85 /* AppDelegate.m */ = {isa = PBXFileReference; lastKnownFileType = sourcecode.c.objc; path = AppDelegate.m; sourceTree = "<group>"; };
		20DE2EDE1D4E63000068BE85 /* ViewController.h */ = {isa = PBXFileReference; lastKnownFileType = sourcecode.c.h; path = ViewController.h; sourceTree = "<group>"; };
		20DE2EDF1D4E63000068BE85 /* ViewController.m */ = {isa = PBXFileReference; lastKnownFileType = sourcecode.c.objc; path = ViewController.m; sourceTree = "<group>"; };
		20DE2EE21D4E63000068BE85 /* Base */ = {isa = PBXFileReference; lastKnownFileType = file.storyboard; name = Base; path = Base.lproj/Main.storyboard; sourceTree = "<group>"; };
		20DE2EE41D4E63000068BE85 /* Assets.xcassets */ = {isa = PBXFileReference; lastKnownFileType = folder.assetcatalog; path = Assets.xcassets; sourceTree = "<group>"; };
		20DE2EE71D4E63000068BE85 /* Base */ = {isa = PBXFileReference; lastKnownFileType = file.storyboard; name = Base; path = Base.lproj/LaunchScreen.storyboard; sourceTree = "<group>"; };
		20DE2EE91D4E63000068BE85 /* Info.plist */ = {isa = PBXFileReference; lastKnownFileType = text.plist.xml; path = Info.plist; sourceTree = "<group>"; };
		20DE2EEF1D4E69AA0068BE85 /* HMDemoView.h */ = {isa = PBXFileReference; fileEncoding = 4; lastKnownFileType = sourcecode.c.h; path = HMDemoView.h; sourceTree = "<group>"; };
		20DE2EF01D4E69AA0068BE85 /* HMDemoView.m */ = {isa = PBXFileReference; fileEncoding = 4; lastKnownFileType = sourcecode.c.objc; path = HMDemoView.m; sourceTree = "<group>"; };
/* End PBXFileReference section */

/* Begin PBXFrameworksBuildPhase section */
		20DE2ED21D4E63000068BE85 /* Frameworks */ = {
			isa = PBXFrameworksBuildPhase;
			buildActionMask = 2147483647;
			files = (
			);
			runOnlyForDeploymentPostprocessing = 0;
		};
/* End PBXFrameworksBuildPhase section */

/* Begin PBXGroup section */
		20DE2ECC1D4E63000068BE85 = {
			isa = PBXGroup;
			children = (
				20DE2ED71D4E63000068BE85 /* 画板 */,
				20DE2ED61D4E63000068BE85 /* Products */,
			);
			sourceTree = "<group>";
		};
		20DE2ED61D4E63000068BE85 /* Products */ = {
			isa = PBXGroup;
			children = (
				20DE2ED51D4E63000068BE85 /* 画板.app */,
			);
			name = Products;
			sourceTree = "<group>";
		};
		20DE2ED71D4E63000068BE85 /* 画板 */ = {
			isa = PBXGroup;
			children = (
				20DE2EDB1D4E63000068BE85 /* AppDelegate.h */,
				20DE2EDC1D4E63000068BE85 /* AppDelegate.m */,
				20DE2EDE1D4E63000068BE85 /* ViewController.h */,
				20DE2EDF1D4E63000068BE85 /* ViewController.m */,
				20DE2EEF1D4E69AA0068BE85 /* HMDemoView.h */,
				20DE2EF01D4E69AA0068BE85 /* HMDemoView.m */,
				20DE2EE11D4E63000068BE85 /* Main.storyboard */,
				20DE2EE41D4E63000068BE85 /* Assets.xcassets */,
				20DE2EE61D4E63000068BE85 /* LaunchScreen.storyboard */,
				20DE2EE91D4E63000068BE85 /* Info.plist */,
				20DE2ED81D4E63000068BE85 /* Supporting Files */,
			);
			path = "画板";
			sourceTree = "<group>";
		};
		20DE2ED81D4E63000068BE85 /* Supporting Files */ = {
			isa = PBXGroup;
			children = (
				20DE2ED91D4E63000068BE85 /* main.m */,
			);
			name = "Supporting Files";
			sourceTree = "<group>";
		};
/* End PBXGroup section */

/* Begin PBXNativeTarget section */
		20DE2ED41D4E63000068BE85 /* 画板 */ = {
			isa = PBXNativeTarget;
			buildConfigurationList = 20DE2EEC1D4E63000068BE85 /* Build configuration list for PBXNativeTarget "画板" */;
			buildPhases = (
				20DE2ED11D4E63000068BE85 /* Sources */,
				20DE2ED21D4E63000068BE85 /* Frameworks */,
				20DE2ED31D4E63000068BE85 /* Resources */,
			);
			buildRules = (
			);
			dependencies = (
			);
			name = "画板";
			productName = "画板";
			productReference = 20DE2ED51D4E63000068BE85 /* 画板.app */;
			productType = "com.apple.product-type.application";
		};
/* End PBXNativeTarget section */

/* Begin PBXProject section */
		20DE2ECD1D4E63000068BE85 /* Project object */ = {
			isa = PBXProject;
			attributes = {
				LastUpgradeCheck = 0730;
				ORGANIZATIONNAME = HM;
				TargetAttributes = {
					20DE2ED41D4E63000068BE85 = {
						CreatedOnToolsVersion = 7.3.1;
					};
				};
			};
			buildConfigurationList = 20DE2ED01D4E63000068BE85 /* Build configuration list for PBXProject "画板" */;
			compatibilityVersion = "Xcode 3.2";
			developmentRegion = English;
			hasScannedForEncodings = 0;
			knownRegions = (
				en,
				Base,
			);
			mainGroup = 20DE2ECC1D4E63000068BE85;
			productRefGroup = 20DE2ED61D4E63000068BE85 /* Products */;
			projectDirPath = "";
			projectRoot = "";
			targets = (
				20DE2ED41D4E63000068BE85 /* 画板 */,
			);
		};
/* End PBXProject section */

/* Begin PBXResourcesBuildPhase section */
		20DE2ED31D4E63000068BE85 /* Resources */ = {
			isa = PBXResourcesBuildPhase;
			buildActionMask = 2147483647;
			files = (
				20DE2EE81D4E63000068BE85 /* LaunchScreen.storyboard in Resources */,
				20DE2EE51D4E63000068BE85 /* Assets.xcassets in Resources */,
				20DE2EE31D4E63000068BE85 /* Main.storyboard in Resources */,
			);
			runOnlyForDeploymentPostprocessing = 0;
		};
/* End PBXResourcesBuildPhase section */

/* Begin PBXSourcesBuildPhase section */
		20DE2ED11D4E63000068BE85 /* Sources */ = {
			isa = PBXSourcesBuildPhase;
			buildActionMask = 2147483647;
			files = (
				20DE2EF11D4E69AA0068BE85 /* HMDemoView.m in Sources */,
				20DE2EE01D4E63000068BE85 /* ViewController.m in Sources */,
				20DE2EDD1D4E63000068BE85 /* AppDelegate.m in Sources */,
				20DE2EDA1D4E63000068BE85 /* main.m in Sources */,
			);
			runOnlyForDeploymentPostprocessing = 0;
		};
/* End PBXSourcesBuildPhase section */

/* Begin PBXVariantGroup section */
		20DE2EE11D4E63000068BE85 /* Main.storyboard */ = {
			isa = PBXVariantGroup;
			children = (
				20DE2EE21D4E63000068BE85 /* Base */,
			);
			name = Main.storyboard;
			sourceTree = "<group>";
		};
		20DE2EE61D4E63000068BE85 /* LaunchScreen.storyboard */ = {
			isa = PBXVariantGroup;
			children = (
				20DE2EE71D4E63000068BE85 /* Base */,
			);
			name = LaunchScreen.storyboard;
			sourceTree = "<group>";
		};
/* End PBXVariantGroup section */

/* Begin XCBuildConfiguration section */
		20DE2EEA1D4E63000068BE85 /* Debug */ = {
			isa = XCBuildConfiguration;
			buildSettings = {
				ALWAYS_SEARCH_USER_PATHS = NO;
				CLANG_ANALYZER_NONNULL = YES;
				CLANG_CXX_LANGUAGE_STANDARD = "gnu++0x";
				CLANG_CXX_LIBRARY = "libc++";
				CLANG_ENABLE_MODULES = YES;
				CLANG_ENABLE_OBJC_ARC = YES;
				CLANG_WARN_BOOL_CONVERSION = YES;
				CLANG_WARN_CONSTANT_CONVERSION = YES;
				CLANG_WARN_DIRECT_OBJC_ISA_USAGE = YES_ERROR;
				CLANG_WARN_EMPTY_BODY = YES;
				CLANG_WARN_ENUM_CONVERSION = YES;
				CLANG_WARN_INT_CONVERSION = YES;
				CLANG_WARN_OBJC_ROOT_CLASS = YES_ERROR;
				CLANG_WARN_UNREACHABLE_CODE = YES;
				CLANG_WARN__DUPLICATE_METHOD_MATCH = YES;
				"CODE_SIGN_IDENTITY[sdk=iphoneos*]" = "iPhone Developer";
				COPY_PHASE_STRIP = NO;
				DEBUG_INFORMATION_FORMAT = dwarf;
				ENABLE_STRICT_OBJC_MSGSEND = YES;
				ENABLE_TESTABILITY = YES;
				GCC_C_LANGUAGE_STANDARD = gnu99;
				GCC_DYNAMIC_NO_PIC = NO;
				GCC_NO_COMMON_BLOCKS = YES;
				GCC_OPTIMIZATION_LEVEL = 0;
				GCC_PREPROCESSOR_DEFINITIONS = (
					"DEBUG=1",
					"$(inherited)",
				);
				GCC_WARN_64_TO_32_BIT_CONVERSION = YES;
				GCC_WARN_ABOUT_RETURN_TYPE = YES_ERROR;
				GCC_WARN_UNDECLARED_SELECTOR = YES;
				GCC_WARN_UNINITIALIZED_AUTOS = YES_AGGRESSIVE;
				GCC_WARN_UNUSED_FUNCTION = YES;
				GCC_WARN_UNUSED_VARIABLE = YES;
				IPHONEOS_DEPLOYMENT_TARGET = 9.3;
				MTL_ENABLE_DEBUG_INFO = YES;
				ONLY_ACTIVE_ARCH = YES;
				SDKROOT = iphoneos;
			};
			name = Debug;
		};
		20DE2EEB1D4E63000068BE85 /* Release */ = {
			isa = XCBuildConfiguration;
			buildSettings = {
				ALWAYS_SEARCH_USER_PATHS = NO;
				CLANG_ANALYZER_NONNULL = YES;
				CLANG_CXX_LANGUAGE_STANDARD = "gnu++0x";
				CLANG_CXX_LIBRARY = "libc++";
				CLANG_ENABLE_MODULES = YES;
				CLANG_ENABLE_OBJC_ARC = YES;
				CLANG_WARN_BOOL_CONVERSION = YES;
				CLANG_WARN_CONSTANT_CONVERSION = YES;
				CLANG_WARN_DIRECT_OBJC_ISA_USAGE = YES_ERROR;
				CLANG_WARN_EMPTY_BODY = YES;
				CLANG_WARN_ENUM_CONVERSION = YES;
				CLANG_WARN_INT_CONVERSION = YES;
				CLANG_WARN_OBJC_ROOT_CLASS = YES_ERROR;
				CLANG_WARN_UNREACHABLE_CODE = YES;
				CLANG_WARN__DUPLICATE_METHOD_MATCH = YES;
				"CODE_SIGN_IDENTITY[sdk=iphoneos*]" = "iPhone Developer";
				COPY_PHASE_STRIP = NO;
				DEBUG_INFORMATION_FORMAT = "dwarf-with-dsym";
				ENABLE_NS_ASSERTIONS = NO;
				ENABLE_STRICT_OBJC_MSGSEND = YES;
				GCC_C_LANGUAGE_STANDARD = gnu99;
				GCC_NO_COMMON_BLOCKS = YES;
				GCC_WARN_64_TO_32_BIT_CONVERSION = YES;
				GCC_WARN_ABOUT_RETURN_TYPE = YES_ERROR;
				GCC_WARN_UNDECLARED_SELECTOR = YES;
				GCC_WARN_UNINITIALIZED_AUTOS = YES_AGGRESSIVE;
				GCC_WARN_UNUSED_FUNCTION = YES;
				GCC_WARN_UNUSED_VARIABLE = YES;
				IPHONEOS_DEPLOYMENT_TARGET = 9.3;
				MTL_ENABLE_DEBUG_INFO = NO;
				SDKROOT = iphoneos;
				VALIDATE_PRODUCT = YES;
			};
			name = Release;
		};
		20DE2EED1D4E63000068BE85 /* Debug */ = {
			isa = XCBuildConfiguration;
			buildSettings = {
				ASSETCATALOG_COMPILER_APPICON_NAME = AppIcon;
				INFOPLIST_FILE = "画板/Info.plist";
				LD_RUNPATH_SEARCH_PATHS = "$(inherited) @executable_path/Frameworks";
				PRODUCT_BUNDLE_IDENTIFIER = "cn.itheima.--";
				PRODUCT_NAME = "$(TARGET_NAME)";
			};
			name = Debug;
		};
		20DE2EEE1D4E63000068BE85 /* Release */ = {
			isa = XCBuildConfiguration;
			buildSettings = {
				ASSETCATALOG_COMPILER_APPICON_NAME = AppIcon;
				INFOPLIST_FILE = "画板/Info.plist";
				LD_RUNPATH_SEARCH_PATHS = "$(inherited) @executable_path/Frameworks";
				PRODUCT_BUNDLE_IDENTIFIER = "cn.itheima.--";
				PRODUCT_NAME = "$(TARGET_NAME)";
			};
			name = Release;
		};
/* End XCBuildConfiguration section */

/* Begin XCConfigurationList section */
		20DE2ED01D4E63000068BE85 /* Build configuration list for PBXProject "画板" */ = {
			isa = XCConfigurationList;
			buildConfigurations = (
				20DE2EEA1D4E63000068BE85 /* Debug */,
				20DE2EEB1D4E63000068BE85 /* Release */,
			);
			defaultConfigurationIsVisible = 0;
			defaultConfigurationName = Release;
		};
		20DE2EEC1D4E63000068BE85 /* Build configuration list for PBXNativeTarget "画板" */ = {
			isa = XCConfigurationList;
			buildConfigurations = (
				20DE2EED1D4E63000068BE85 /* Debug */,
				20DE2EEE1D4E63000068BE85 /* Release */,
			);
			defaultConfigurationIsVisible = 0;
		};
/* End XCConfigurationList section */
	};
	rootObject = 20DE2ECD1D4E63000068BE85 /* Project object */;
}
