// !$*UTF8*$!
{
	archiveVersion = 1;
	classes = {
	};
	objectVersion = 46;
	objects = {

/* Begin PBXBuildFile section */
		20FFABEA1D4B1BAA000E692C /* main.m in Sources */ = {isa = PBXBuildFile; fileRef = 20FFABE91D4B1BAA000E692C /* main.m */; };
		20FFABED1D4B1BAA000E692C /* AppDelegate.m in Sources */ = {isa = PBXBuildFile; fileRef = 20FFABEC1D4B1BAA000E692C /* AppDelegate.m */; };
		20FFABF01D4B1BAA000E692C /* ViewController.m in Sources */ = {isa = PBXBuildFile; fileRef = 20FFABEF1D4B1BAA000E692C /* ViewController.m */; };
		20FFABF31D4B1BAA000E692C /* Main.storyboard in Resources */ = {isa = PBXBuildFile; fileRef = 20FFABF11D4B1BAA000E692C /* Main.storyboard */; };
		20FFABF51D4B1BAA000E692C /* Assets.xcassets in Resources */ = {isa = PBXBuildFile; fileRef = 20FFABF41D4B1BAA000E692C /* Assets.xcassets */; };
		20FFABF81D4B1BAA000E692C /* LaunchScreen.storyboard in Resources */ = {isa = PBXBuildFile; fileRef = 20FFABF61D4B1BAA000E692C /* LaunchScreen.storyboard */; };
/* End PBXBuildFile section */

/* Begin PBXFileReference section */
		20FFABE51D4B1BAA000E692C /* 容器视图.app */ = {isa = PBXFileReference; explicitFileType = wrapper.application; includeInIndex = 0; path = "容器视图.app"; sourceTree = BUILT_PRODUCTS_DIR; };
		20FFABE91D4B1BAA000E692C /* main.m */ = {isa = PBXFileReference; lastKnownFileType = sourcecode.c.objc; path = main.m; sourceTree = "<group>"; };
		20FFABEB1D4B1BAA000E692C /* AppDelegate.h */ = {isa = PBXFileReference; lastKnownFileType = sourcecode.c.h; path = AppDelegate.h; sourceTree = "<group>"; };
		20FFABEC1D4B1BAA000E692C /* AppDelegate.m */ = {isa = PBXFileReference; lastKnownFileType = sourcecode.c.objc; path = AppDelegate.m; sourceTree = "<group>"; };
		20FFABEE1D4B1BAA000E692C /* ViewController.h */ = {isa = PBXFileReference; lastKnownFileType = sourcecode.c.h; path = ViewController.h; sourceTree = "<group>"; };
		20FFABEF1D4B1BAA000E692C /* ViewController.m */ = {isa = PBXFileReference; lastKnownFileType = sourcecode.c.objc; path = ViewController.m; sourceTree = "<group>"; };
		20FFABF21D4B1BAA000E692C /* Base */ = {isa = PBXFileReference; lastKnownFileType = file.storyboard; name = Base; path = Base.lproj/Main.storyboard; sourceTree = "<group>"; };
		20FFABF41D4B1BAA000E692C /* Assets.xcassets */ = {isa = PBXFileReference; lastKnownFileType = folder.assetcatalog; path = Assets.xcassets; sourceTree = "<group>"; };
		20FFABF71D4B1BAA000E692C /* Base */ = {isa = PBXFileReference; lastKnownFileType = file.storyboard; name = Base; path = Base.lproj/LaunchScreen.storyboard; sourceTree = "<group>"; };
		20FFABF91D4B1BAA000E692C /* Info.plist */ = {isa = PBXFileReference; lastKnownFileType = text.plist.xml; path = Info.plist; sourceTree = "<group>"; };
/* End PBXFileReference section */

/* Begin PBXFrameworksBuildPhase section */
		20FFABE21D4B1BAA000E692C /* Frameworks */ = {
			isa = PBXFrameworksBuildPhase;
			buildActionMask = 2147483647;
			files = (
			);
			runOnlyForDeploymentPostprocessing = 0;
		};
/* End PBXFrameworksBuildPhase section */

/* Begin PBXGroup section */
		20FFABDC1D4B1BAA000E692C = {
			isa = PBXGroup;
			children = (
				20FFABE71D4B1BAA000E692C /* 容器视图 */,
				20FFABE61D4B1BAA000E692C /* Products */,
			);
			sourceTree = "<group>";
		};
		20FFABE61D4B1BAA000E692C /* Products */ = {
			isa = PBXGroup;
			children = (
				20FFABE51D4B1BAA000E692C /* 容器视图.app */,
			);
			name = Products;
			sourceTree = "<group>";
		};
		20FFABE71D4B1BAA000E692C /* 容器视图 */ = {
			isa = PBXGroup;
			children = (
				20FFABEB1D4B1BAA000E692C /* AppDelegate.h */,
				20FFABEC1D4B1BAA000E692C /* AppDelegate.m */,
				20FFABEE1D4B1BAA000E692C /* ViewController.h */,
				20FFABEF1D4B1BAA000E692C /* ViewController.m */,
				20FFABF11D4B1BAA000E692C /* Main.storyboard */,
				20FFABF41D4B1BAA000E692C /* Assets.xcassets */,
				20FFABF61D4B1BAA000E692C /* LaunchScreen.storyboard */,
				20FFABF91D4B1BAA000E692C /* Info.plist */,
				20FFABE81D4B1BAA000E692C /* Supporting Files */,
			);
			path = "容器视图";
			sourceTree = "<group>";
		};
		20FFABE81D4B1BAA000E692C /* Supporting Files */ = {
			isa = PBXGroup;
			children = (
				20FFABE91D4B1BAA000E692C /* main.m */,
			);
			name = "Supporting Files";
			sourceTree = "<group>";
		};
/* End PBXGroup section */

/* Begin PBXNativeTarget section */
		20FFABE41D4B1BAA000E692C /* 容器视图 */ = {
			isa = PBXNativeTarget;
			buildConfigurationList = 20FFABFC1D4B1BAA000E692C /* Build configuration list for PBXNativeTarget "容器视图" */;
			buildPhases = (
				20FFABE11D4B1BAA000E692C /* Sources */,
				20FFABE21D4B1BAA000E692C /* Frameworks */,
				20FFABE31D4B1BAA000E692C /* Resources */,
			);
			buildRules = (
			);
			dependencies = (
			);
			name = "容器视图";
			productName = "容器视图";
			productReference = 20FFABE51D4B1BAA000E692C /* 容器视图.app */;
			productType = "com.apple.product-type.application";
		};
/* End PBXNativeTarget section */

/* Begin PBXProject section */
		20FFABDD1D4B1BAA000E692C /* Project object */ = {
			isa = PBXProject;
			attributes = {
				LastUpgradeCheck = 0730;
				ORGANIZATIONNAME = HM;
				TargetAttributes = {
					20FFABE41D4B1BAA000E692C = {
						CreatedOnToolsVersion = 7.3.1;
					};
				};
			};
			buildConfigurationList = 20FFABE01D4B1BAA000E692C /* Build configuration list for PBXProject "容器视图" */;
			compatibilityVersion = "Xcode 3.2";
			developmentRegion = English;
			hasScannedForEncodings = 0;
			knownRegions = (
				en,
				Base,
			);
			mainGroup = 20FFABDC1D4B1BAA000E692C;
			productRefGroup = 20FFABE61D4B1BAA000E692C /* Products */;
			projectDirPath = "";
			projectRoot = "";
			targets = (
				20FFABE41D4B1BAA000E692C /* 容器视图 */,
			);
		};
/* End PBXProject section */

/* Begin PBXResourcesBuildPhase section */
		20FFABE31D4B1BAA000E692C /* Resources */ = {
			isa = PBXResourcesBuildPhase;
			buildActionMask = 2147483647;
			files = (
				20FFABF81D4B1BAA000E692C /* LaunchScreen.storyboard in Resources */,
				20FFABF51D4B1BAA000E692C /* Assets.xcassets in Resources */,
				20FFABF31D4B1BAA000E692C /* Main.storyboard in Resources */,
			);
			runOnlyForDeploymentPostprocessing = 0;
		};
/* End PBXResourcesBuildPhase section */

/* Begin PBXSourcesBuildPhase section */
		20FFABE11D4B1BAA000E692C /* Sources */ = {
			isa = PBXSourcesBuildPhase;
			buildActionMask = 2147483647;
			files = (
				20FFABF01D4B1BAA000E692C /* ViewController.m in Sources */,
				20FFABED1D4B1BAA000E692C /* AppDelegate.m in Sources */,
				20FFABEA1D4B1BAA000E692C /* main.m in Sources */,
			);
			runOnlyForDeploymentPostprocessing = 0;
		};
/* End PBXSourcesBuildPhase section */

/* Begin PBXVariantGroup section */
		20FFABF11D4B1BAA000E692C /* Main.storyboard */ = {
			isa = PBXVariantGroup;
			children = (
				20FFABF21D4B1BAA000E692C /* Base */,
			);
			name = Main.storyboard;
			sourceTree = "<group>";
		};
		20FFABF61D4B1BAA000E692C /* LaunchScreen.storyboard */ = {
			isa = PBXVariantGroup;
			children = (
				20FFABF71D4B1BAA000E692C /* Base */,
			);
			name = LaunchScreen.storyboard;
			sourceTree = "<group>";
		};
/* End PBXVariantGroup section */

/* Begin XCBuildConfiguration section */
		20FFABFA1D4B1BAA000E692C /* Debug */ = {
			isa = XCBuildConfiguration;
			buildSettings = {
				ALWAYS_SEARCH_USER_PATHS = NO;
				CLANG_ANALYZER_NONNULL = YES;
				CLANG_CXX_LANGUAGE_STANDARD = "gnu++0x";
				CLANG_CXX_LIBRARY = "libc++";
				CLANG_ENABLE_MODULES = YES;
				CLANG_ENABLE_OBJC_ARC = YES;
				CLANG_WARN_BOOL_CONVERSION = YES;
				CLANG_WARN_CONSTANT_CONVERSION = YES;
				CLANG_WARN_DIRECT_OBJC_ISA_USAGE = YES_ERROR;
				CLANG_WARN_EMPTY_BODY = YES;
				CLANG_WARN_ENUM_CONVERSION = YES;
				CLANG_WARN_INT_CONVERSION = YES;
				CLANG_WARN_OBJC_ROOT_CLASS = YES_ERROR;
				CLANG_WARN_UNREACHABLE_CODE = YES;
				CLANG_WARN__DUPLICATE_METHOD_MATCH = YES;
				"CODE_SIGN_IDENTITY[sdk=iphoneos*]" = "iPhone Developer";
				COPY_PHASE_STRIP = NO;
				DEBUG_INFORMATION_FORMAT = dwarf;
				ENABLE_STRICT_OBJC_MSGSEND = YES;
				ENABLE_TESTABILITY = YES;
				GCC_C_LANGUAGE_STANDARD = gnu99;
				GCC_DYNAMIC_NO_PIC = NO;
				GCC_NO_COMMON_BLOCKS = YES;
				GCC_OPTIMIZATION_LEVEL = 0;
				GCC_PREPROCESSOR_DEFINITIONS = (
					"DEBUG=1",
					"$(inherited)",
				);
				GCC_WARN_64_TO_32_BIT_CONVERSION = YES;
				GCC_WARN_ABOUT_RETURN_TYPE = YES_ERROR;
				GCC_WARN_UNDECLARED_SELECTOR = YES;
				GCC_WARN_UNINITIALIZED_AUTOS = YES_AGGRESSIVE;
				GCC_WARN_UNUSED_FUNCTION = YES;
				GCC_WARN_UNUSED_VARIABLE = YES;
				IPHONEOS_DEPLOYMENT_TARGET = 9.3;
				MTL_ENABLE_DEBUG_INFO = YES;
				ONLY_ACTIVE_ARCH = YES;
				SDKROOT = iphoneos;
			};
			name = Debug;
		};
		20FFABFB1D4B1BAA000E692C /* Release */ = {
			isa = XCBuildConfiguration;
			buildSettings = {
				ALWAYS_SEARCH_USER_PATHS = NO;
				CLANG_ANALYZER_NONNULL = YES;
				CLANG_CXX_LANGUAGE_STANDARD = "gnu++0x";
				CLANG_CXX_LIBRARY = "libc++";
				CLANG_ENABLE_MODULES = YES;
				CLANG_ENABLE_OBJC_ARC = YES;
				CLANG_WARN_BOOL_CONVERSION = YES;
				CLANG_WARN_CONSTANT_CONVERSION = YES;
				CLANG_WARN_DIRECT_OBJC_ISA_USAGE = YES_ERROR;
				CLANG_WARN_EMPTY_BODY = YES;
				CLANG_WARN_ENUM_CONVERSION = YES;
				CLANG_WARN_INT_CONVERSION = YES;
				CLANG_WARN_OBJC_ROOT_CLASS = YES_ERROR;
				CLANG_WARN_UNREACHABLE_CODE = YES;
				CLANG_WARN__DUPLICATE_METHOD_MATCH = YES;
				"CODE_SIGN_IDENTITY[sdk=iphoneos*]" = "iPhone Developer";
				COPY_PHASE_STRIP = NO;
				DEBUG_INFORMATION_FORMAT = "dwarf-with-dsym";
				ENABLE_NS_ASSERTIONS = NO;
				ENABLE_STRICT_OBJC_MSGSEND = YES;
				GCC_C_LANGUAGE_STANDARD = gnu99;
				GCC_NO_COMMON_BLOCKS = YES;
				GCC_WARN_64_TO_32_BIT_CONVERSION = YES;
				GCC_WARN_ABOUT_RETURN_TYPE = YES_ERROR;
				GCC_WARN_UNDECLARED_SELECTOR = YES;
				GCC_WARN_UNINITIALIZED_AUTOS = YES_AGGRESSIVE;
				GCC_WARN_UNUSED_FUNCTION = YES;
				GCC_WARN_UNUSED_VARIABLE = YES;
				IPHONEOS_DEPLOYMENT_TARGET = 9.3;
				MTL_ENABLE_DEBUG_INFO = NO;
				SDKROOT = iphoneos;
				VALIDATE_PRODUCT = YES;
			};
			name = Release;
		};
		20FFABFD1D4B1BAA000E692C /* Debug */ = {
			isa = XCBuildConfiguration;
			buildSettings = {
				ASSETCATALOG_COMPILER_APPICON_NAME = AppIcon;
				INFOPLIST_FILE = "容器视图/Info.plist";
				LD_RUNPATH_SEARCH_PATHS = "$(inherited) @executable_path/Frameworks";
				PRODUCT_BUNDLE_IDENTIFIER = "cn.itheima.----";
				PRODUCT_NAME = "$(TARGET_NAME)";
			};
			name = Debug;
		};
		20FFABFE1D4B1BAA000E692C /* Release */ = {
			isa = XCBuildConfiguration;
			buildSettings = {
				ASSETCATALOG_COMPILER_APPICON_NAME = AppIcon;
				INFOPLIST_FILE = "容器视图/Info.plist";
				LD_RUNPATH_SEARCH_PATHS = "$(inherited) @executable_path/Frameworks";
				PRODUCT_BUNDLE_IDENTIFIER = "cn.itheima.----";
				PRODUCT_NAME = "$(TARGET_NAME)";
			};
			name = Release;
		};
/* End XCBuildConfiguration section */

/* Begin XCConfigurationList section */
		20FFABE01D4B1BAA000E692C /* Build configuration list for PBXProject "容器视图" */ = {
			isa = XCConfigurationList;
			buildConfigurations = (
				20FFABFA1D4B1BAA000E692C /* Debug */,
				20FFABFB1D4B1BAA000E692C /* Release */,
			);
			defaultConfigurationIsVisible = 0;
			defaultConfigurationName = Release;
		};
		20FFABFC1D4B1BAA000E692C /* Build configuration list for PBXNativeTarget "容器视图" */ = {
			isa = XCConfigurationList;
			buildConfigurations = (
				20FFABFD1D4B1BAA000E692C /* Debug */,
				20FFABFE1D4B1BAA000E692C /* Release */,
			);
			defaultConfigurationIsVisible = 0;
		};
/* End XCConfigurationList section */
	};
	rootObject = 20FFABDD1D4B1BAA000E692C /* Project object */;
}
