// !$*UTF8*$!
{
	archiveVersion = 1;
	classes = {
	};
	objectVersion = 46;
	objects = {

/* Begin PBXBuildFile section */
		20B2958F1D477D1E00B86721 /* main.m in Sources */ = {isa = PBXBuildFile; fileRef = 20B2958E1D477D1E00B86721 /* main.m */; };
		20B295921D477D1E00B86721 /* AppDelegate.m in Sources */ = {isa = PBXBuildFile; fileRef = 20B295911D477D1E00B86721 /* AppDelegate.m */; };
		20B295951D477D1F00B86721 /* ViewController.m in Sources */ = {isa = PBXBuildFile; fileRef = 20B295941D477D1F00B86721 /* ViewController.m */; };
		20B295981D477D1F00B86721 /* Main.storyboard in Resources */ = {isa = PBXBuildFile; fileRef = 20B295961D477D1F00B86721 /* Main.storyboard */; };
		20B2959A1D477D1F00B86721 /* Assets.xcassets in Resources */ = {isa = PBXBuildFile; fileRef = 20B295991D477D1F00B86721 /* Assets.xcassets */; };
		20B2959D1D477D1F00B86721 /* LaunchScreen.storyboard in Resources */ = {isa = PBXBuildFile; fileRef = 20B2959B1D477D1F00B86721 /* LaunchScreen.storyboard */; };
		20B295BF1D477E7700B86721 /* Info.plist in Resources */ = {isa = PBXBuildFile; fileRef = 20B295A51D477E7700B86721 /* Info.plist */; };
		20B295C01D477E7700B86721 /* MASCompositeConstraint.m in Sources */ = {isa = PBXBuildFile; fileRef = 20B295A71D477E7700B86721 /* MASCompositeConstraint.m */; };
		20B295C11D477E7700B86721 /* MASConstraint.m in Sources */ = {isa = PBXBuildFile; fileRef = 20B295AA1D477E7700B86721 /* MASConstraint.m */; };
		20B295C21D477E7700B86721 /* MASConstraintMaker.m in Sources */ = {isa = PBXBuildFile; fileRef = 20B295AC1D477E7700B86721 /* MASConstraintMaker.m */; };
		20B295C31D477E7700B86721 /* MASLayoutConstraint.m in Sources */ = {isa = PBXBuildFile; fileRef = 20B295AE1D477E7700B86721 /* MASLayoutConstraint.m */; };
		20B295C41D477E7700B86721 /* MASViewAttribute.m in Sources */ = {isa = PBXBuildFile; fileRef = 20B295B21D477E7700B86721 /* MASViewAttribute.m */; };
		20B295C51D477E7700B86721 /* MASViewConstraint.m in Sources */ = {isa = PBXBuildFile; fileRef = 20B295B41D477E7700B86721 /* MASViewConstraint.m */; };
		20B295C61D477E7700B86721 /* NSArray+MASAdditions.m in Sources */ = {isa = PBXBuildFile; fileRef = 20B295B61D477E7700B86721 /* NSArray+MASAdditions.m */; };
		20B295C71D477E7700B86721 /* NSLayoutConstraint+MASDebugAdditions.m in Sources */ = {isa = PBXBuildFile; fileRef = 20B295B91D477E7700B86721 /* NSLayoutConstraint+MASDebugAdditions.m */; };
		20B295C81D477E7700B86721 /* View+MASAdditions.m in Sources */ = {isa = PBXBuildFile; fileRef = 20B295BB1D477E7700B86721 /* View+MASAdditions.m */; };
		20B295C91D477E7700B86721 /* ViewController+MASAdditions.m in Sources */ = {isa = PBXBuildFile; fileRef = 20B295BE1D477E7700B86721 /* ViewController+MASAdditions.m */; };
/* End PBXBuildFile section */

/* Begin PBXFileReference section */
		20B2958A1D477D1E00B86721 /* 数据存储plist文件.app */ = {isa = PBXFileReference; explicitFileType = wrapper.application; includeInIndex = 0; path = "数据存储plist文件.app"; sourceTree = BUILT_PRODUCTS_DIR; };
		20B2958E1D477D1E00B86721 /* main.m */ = {isa = PBXFileReference; lastKnownFileType = sourcecode.c.objc; path = main.m; sourceTree = "<group>"; };
		20B295901D477D1E00B86721 /* AppDelegate.h */ = {isa = PBXFileReference; lastKnownFileType = sourcecode.c.h; path = AppDelegate.h; sourceTree = "<group>"; };
		20B295911D477D1E00B86721 /* AppDelegate.m */ = {isa = PBXFileReference; lastKnownFileType = sourcecode.c.objc; path = AppDelegate.m; sourceTree = "<group>"; };
		20B295931D477D1E00B86721 /* ViewController.h */ = {isa = PBXFileReference; lastKnownFileType = sourcecode.c.h; path = ViewController.h; sourceTree = "<group>"; };
		20B295941D477D1F00B86721 /* ViewController.m */ = {isa = PBXFileReference; lastKnownFileType = sourcecode.c.objc; path = ViewController.m; sourceTree = "<group>"; };
		20B295971D477D1F00B86721 /* Base */ = {isa = PBXFileReference; lastKnownFileType = file.storyboard; name = Base; path = Base.lproj/Main.storyboard; sourceTree = "<group>"; };
		20B295991D477D1F00B86721 /* Assets.xcassets */ = {isa = PBXFileReference; lastKnownFileType = folder.assetcatalog; path = Assets.xcassets; sourceTree = "<group>"; };
		20B2959C1D477D1F00B86721 /* Base */ = {isa = PBXFileReference; lastKnownFileType = file.storyboard; name = Base; path = Base.lproj/LaunchScreen.storyboard; sourceTree = "<group>"; };
		20B2959E1D477D1F00B86721 /* Info.plist */ = {isa = PBXFileReference; lastKnownFileType = text.plist.xml; path = Info.plist; sourceTree = "<group>"; };
		20B295A51D477E7700B86721 /* Info.plist */ = {isa = PBXFileReference; fileEncoding = 4; lastKnownFileType = text.plist.xml; path = Info.plist; sourceTree = "<group>"; };
		20B295A61D477E7700B86721 /* MASCompositeConstraint.h */ = {isa = PBXFileReference; fileEncoding = 4; lastKnownFileType = sourcecode.c.h; path = MASCompositeConstraint.h; sourceTree = "<group>"; };
		20B295A71D477E7700B86721 /* MASCompositeConstraint.m */ = {isa = PBXFileReference; fileEncoding = 4; lastKnownFileType = sourcecode.c.objc; path = MASCompositeConstraint.m; sourceTree = "<group>"; };
		20B295A81D477E7700B86721 /* MASConstraint+Private.h */ = {isa = PBXFileReference; fileEncoding = 4; lastKnownFileType = sourcecode.c.h; path = "MASConstraint+Private.h"; sourceTree = "<group>"; };
		20B295A91D477E7700B86721 /* MASConstraint.h */ = {isa = PBXFileReference; fileEncoding = 4; lastKnownFileType = sourcecode.c.h; path = MASConstraint.h; sourceTree = "<group>"; };
		20B295AA1D477E7700B86721 /* MASConstraint.m */ = {isa = PBXFileReference; fileEncoding = 4; lastKnownFileType = sourcecode.c.objc; path = MASConstraint.m; sourceTree = "<group>"; };
		20B295AB1D477E7700B86721 /* MASConstraintMaker.h */ = {isa = PBXFileReference; fileEncoding = 4; lastKnownFileType = sourcecode.c.h; path = MASConstraintMaker.h; sourceTree = "<group>"; };
		20B295AC1D477E7700B86721 /* MASConstraintMaker.m */ = {isa = PBXFileReference; fileEncoding = 4; lastKnownFileType = sourcecode.c.objc; path = MASConstraintMaker.m; sourceTree = "<group>"; };
		20B295AD1D477E7700B86721 /* MASLayoutConstraint.h */ = {isa = PBXFileReference; fileEncoding = 4; lastKnownFileType = sourcecode.c.h; path = MASLayoutConstraint.h; sourceTree = "<group>"; };
		20B295AE1D477E7700B86721 /* MASLayoutConstraint.m */ = {isa = PBXFileReference; fileEncoding = 4; lastKnownFileType = sourcecode.c.objc; path = MASLayoutConstraint.m; sourceTree = "<group>"; };
		20B295AF1D477E7700B86721 /* Masonry.h */ = {isa = PBXFileReference; fileEncoding = 4; lastKnownFileType = sourcecode.c.h; path = Masonry.h; sourceTree = "<group>"; };
		20B295B01D477E7700B86721 /* MASUtilities.h */ = {isa = PBXFileReference; fileEncoding = 4; lastKnownFileType = sourcecode.c.h; path = MASUtilities.h; sourceTree = "<group>"; };
		20B295B11D477E7700B86721 /* MASViewAttribute.h */ = {isa = PBXFileReference; fileEncoding = 4; lastKnownFileType = sourcecode.c.h; path = MASViewAttribute.h; sourceTree = "<group>"; };
		20B295B21D477E7700B86721 /* MASViewAttribute.m */ = {isa = PBXFileReference; fileEncoding = 4; lastKnownFileType = sourcecode.c.objc; path = MASViewAttribute.m; sourceTree = "<group>"; };
		20B295B31D477E7700B86721 /* MASViewConstraint.h */ = {isa = PBXFileReference; fileEncoding = 4; lastKnownFileType = sourcecode.c.h; path = MASViewConstraint.h; sourceTree = "<group>"; };
		20B295B41D477E7700B86721 /* MASViewConstraint.m */ = {isa = PBXFileReference; fileEncoding = 4; lastKnownFileType = sourcecode.c.objc; path = MASViewConstraint.m; sourceTree = "<group>"; };
		20B295B51D477E7700B86721 /* NSArray+MASAdditions.h */ = {isa = PBXFileReference; fileEncoding = 4; lastKnownFileType = sourcecode.c.h; path = "NSArray+MASAdditions.h"; sourceTree = "<group>"; };
		20B295B61D477E7700B86721 /* NSArray+MASAdditions.m */ = {isa = PBXFileReference; fileEncoding = 4; lastKnownFileType = sourcecode.c.objc; path = "NSArray+MASAdditions.m"; sourceTree = "<group>"; };
		20B295B71D477E7700B86721 /* NSArray+MASShorthandAdditions.h */ = {isa = PBXFileReference; fileEncoding = 4; lastKnownFileType = sourcecode.c.h; path = "NSArray+MASShorthandAdditions.h"; sourceTree = "<group>"; };
		20B295B81D477E7700B86721 /* NSLayoutConstraint+MASDebugAdditions.h */ = {isa = PBXFileReference; fileEncoding = 4; lastKnownFileType = sourcecode.c.h; path = "NSLayoutConstraint+MASDebugAdditions.h"; sourceTree = "<group>"; };
		20B295B91D477E7700B86721 /* NSLayoutConstraint+MASDebugAdditions.m */ = {isa = PBXFileReference; fileEncoding = 4; lastKnownFileType = sourcecode.c.objc; path = "NSLayoutConstraint+MASDebugAdditions.m"; sourceTree = "<group>"; };
		20B295BA1D477E7700B86721 /* View+MASAdditions.h */ = {isa = PBXFileReference; fileEncoding = 4; lastKnownFileType = sourcecode.c.h; path = "View+MASAdditions.h"; sourceTree = "<group>"; };
		20B295BB1D477E7700B86721 /* View+MASAdditions.m */ = {isa = PBXFileReference; fileEncoding = 4; lastKnownFileType = sourcecode.c.objc; path = "View+MASAdditions.m"; sourceTree = "<group>"; };
		20B295BC1D477E7700B86721 /* View+MASShorthandAdditions.h */ = {isa = PBXFileReference; fileEncoding = 4; lastKnownFileType = sourcecode.c.h; path = "View+MASShorthandAdditions.h"; sourceTree = "<group>"; };
		20B295BD1D477E7700B86721 /* ViewController+MASAdditions.h */ = {isa = PBXFileReference; fileEncoding = 4; lastKnownFileType = sourcecode.c.h; path = "ViewController+MASAdditions.h"; sourceTree = "<group>"; };
		20B295BE1D477E7700B86721 /* ViewController+MASAdditions.m */ = {isa = PBXFileReference; fileEncoding = 4; lastKnownFileType = sourcecode.c.objc; path = "ViewController+MASAdditions.m"; sourceTree = "<group>"; };
/* End PBXFileReference section */

/* Begin PBXFrameworksBuildPhase section */
		20B295871D477D1E00B86721 /* Frameworks */ = {
			isa = PBXFrameworksBuildPhase;
			buildActionMask = 2147483647;
			files = (
			);
			runOnlyForDeploymentPostprocessing = 0;
		};
/* End PBXFrameworksBuildPhase section */

/* Begin PBXGroup section */
		20B295811D477D1E00B86721 = {
			isa = PBXGroup;
			children = (
				20B295A41D477E7600B86721 /* Masonry */,
				20B2958C1D477D1E00B86721 /* 数据存储plist文件 */,
				20B2958B1D477D1E00B86721 /* Products */,
			);
			sourceTree = "<group>";
		};
		20B2958B1D477D1E00B86721 /* Products */ = {
			isa = PBXGroup;
			children = (
				20B2958A1D477D1E00B86721 /* 数据存储plist文件.app */,
			);
			name = Products;
			sourceTree = "<group>";
		};
		20B2958C1D477D1E00B86721 /* 数据存储plist文件 */ = {
			isa = PBXGroup;
			children = (
				20B295901D477D1E00B86721 /* AppDelegate.h */,
				20B295911D477D1E00B86721 /* AppDelegate.m */,
				20B295931D477D1E00B86721 /* ViewController.h */,
				20B295941D477D1F00B86721 /* ViewController.m */,
				20B295961D477D1F00B86721 /* Main.storyboard */,
				20B295991D477D1F00B86721 /* Assets.xcassets */,
				20B2959B1D477D1F00B86721 /* LaunchScreen.storyboard */,
				20B2959E1D477D1F00B86721 /* Info.plist */,
				20B2958D1D477D1E00B86721 /* Supporting Files */,
			);
			path = "数据存储plist文件";
			sourceTree = "<group>";
		};
		20B2958D1D477D1E00B86721 /* Supporting Files */ = {
			isa = PBXGroup;
			children = (
				20B2958E1D477D1E00B86721 /* main.m */,
			);
			name = "Supporting Files";
			sourceTree = "<group>";
		};
		20B295A41D477E7600B86721 /* Masonry */ = {
			isa = PBXGroup;
			children = (
				20B295A51D477E7700B86721 /* Info.plist */,
				20B295A61D477E7700B86721 /* MASCompositeConstraint.h */,
				20B295A71D477E7700B86721 /* MASCompositeConstraint.m */,
				20B295A81D477E7700B86721 /* MASConstraint+Private.h */,
				20B295A91D477E7700B86721 /* MASConstraint.h */,
				20B295AA1D477E7700B86721 /* MASConstraint.m */,
				20B295AB1D477E7700B86721 /* MASConstraintMaker.h */,
				20B295AC1D477E7700B86721 /* MASConstraintMaker.m */,
				20B295AD1D477E7700B86721 /* MASLayoutConstraint.h */,
				20B295AE1D477E7700B86721 /* MASLayoutConstraint.m */,
				20B295AF1D477E7700B86721 /* Masonry.h */,
				20B295B01D477E7700B86721 /* MASUtilities.h */,
				20B295B11D477E7700B86721 /* MASViewAttribute.h */,
				20B295B21D477E7700B86721 /* MASViewAttribute.m */,
				20B295B31D477E7700B86721 /* MASViewConstraint.h */,
				20B295B41D477E7700B86721 /* MASViewConstraint.m */,
				20B295B51D477E7700B86721 /* NSArray+MASAdditions.h */,
				20B295B61D477E7700B86721 /* NSArray+MASAdditions.m */,
				20B295B71D477E7700B86721 /* NSArray+MASShorthandAdditions.h */,
				20B295B81D477E7700B86721 /* NSLayoutConstraint+MASDebugAdditions.h */,
				20B295B91D477E7700B86721 /* NSLayoutConstraint+MASDebugAdditions.m */,
				20B295BA1D477E7700B86721 /* View+MASAdditions.h */,
				20B295BB1D477E7700B86721 /* View+MASAdditions.m */,
				20B295BC1D477E7700B86721 /* View+MASShorthandAdditions.h */,
				20B295BD1D477E7700B86721 /* ViewController+MASAdditions.h */,
				20B295BE1D477E7700B86721 /* ViewController+MASAdditions.m */,
			);
			path = Masonry;
			sourceTree = "<group>";
		};
/* End PBXGroup section */

/* Begin PBXNativeTarget section */
		20B295891D477D1E00B86721 /* 数据存储plist文件 */ = {
			isa = PBXNativeTarget;
			buildConfigurationList = 20B295A11D477D1F00B86721 /* Build configuration list for PBXNativeTarget "数据存储plist文件" */;
			buildPhases = (
				20B295861D477D1E00B86721 /* Sources */,
				20B295871D477D1E00B86721 /* Frameworks */,
				20B295881D477D1E00B86721 /* Resources */,
			);
			buildRules = (
			);
			dependencies = (
			);
			name = "数据存储plist文件";
			productName = "数据存储plist文件";
			productReference = 20B2958A1D477D1E00B86721 /* 数据存储plist文件.app */;
			productType = "com.apple.product-type.application";
		};
/* End PBXNativeTarget section */

/* Begin PBXProject section */
		20B295821D477D1E00B86721 /* Project object */ = {
			isa = PBXProject;
			attributes = {
				LastUpgradeCheck = 0730;
				ORGANIZATIONNAME = HM;
				TargetAttributes = {
					20B295891D477D1E00B86721 = {
						CreatedOnToolsVersion = 7.3.1;
					};
				};
			};
			buildConfigurationList = 20B295851D477D1E00B86721 /* Build configuration list for PBXProject "数据存储plist文件" */;
			compatibilityVersion = "Xcode 3.2";
			developmentRegion = English;
			hasScannedForEncodings = 0;
			knownRegions = (
				en,
				Base,
			);
			mainGroup = 20B295811D477D1E00B86721;
			productRefGroup = 20B2958B1D477D1E00B86721 /* Products */;
			projectDirPath = "";
			projectRoot = "";
			targets = (
				20B295891D477D1E00B86721 /* 数据存储plist文件 */,
			);
		};
/* End PBXProject section */

/* Begin PBXResourcesBuildPhase section */
		20B295881D477D1E00B86721 /* Resources */ = {
			isa = PBXResourcesBuildPhase;
			buildActionMask = 2147483647;
			files = (
				20B295BF1D477E7700B86721 /* Info.plist in Resources */,
				20B2959D1D477D1F00B86721 /* LaunchScreen.storyboard in Resources */,
				20B2959A1D477D1F00B86721 /* Assets.xcassets in Resources */,
				20B295981D477D1F00B86721 /* Main.storyboard in Resources */,
			);
			runOnlyForDeploymentPostprocessing = 0;
		};
/* End PBXResourcesBuildPhase section */

/* Begin PBXSourcesBuildPhase section */
		20B295861D477D1E00B86721 /* Sources */ = {
			isa = PBXSourcesBuildPhase;
			buildActionMask = 2147483647;
			files = (
				20B295C71D477E7700B86721 /* NSLayoutConstraint+MASDebugAdditions.m in Sources */,
				20B295C51D477E7700B86721 /* MASViewConstraint.m in Sources */,
				20B295C01D477E7700B86721 /* MASCompositeConstraint.m in Sources */,
				20B295C61D477E7700B86721 /* NSArray+MASAdditions.m in Sources */,
				20B295951D477D1F00B86721 /* ViewController.m in Sources */,
				20B295921D477D1E00B86721 /* AppDelegate.m in Sources */,
				20B295C31D477E7700B86721 /* MASLayoutConstraint.m in Sources */,
				20B2958F1D477D1E00B86721 /* main.m in Sources */,
				20B295C91D477E7700B86721 /* ViewController+MASAdditions.m in Sources */,
				20B295C81D477E7700B86721 /* View+MASAdditions.m in Sources */,
				20B295C41D477E7700B86721 /* MASViewAttribute.m in Sources */,
				20B295C11D477E7700B86721 /* MASConstraint.m in Sources */,
				20B295C21D477E7700B86721 /* MASConstraintMaker.m in Sources */,
			);
			runOnlyForDeploymentPostprocessing = 0;
		};
/* End PBXSourcesBuildPhase section */

/* Begin PBXVariantGroup section */
		20B295961D477D1F00B86721 /* Main.storyboard */ = {
			isa = PBXVariantGroup;
			children = (
				20B295971D477D1F00B86721 /* Base */,
			);
			name = Main.storyboard;
			sourceTree = "<group>";
		};
		20B2959B1D477D1F00B86721 /* LaunchScreen.storyboard */ = {
			isa = PBXVariantGroup;
			children = (
				20B2959C1D477D1F00B86721 /* Base */,
			);
			name = LaunchScreen.storyboard;
			sourceTree = "<group>";
		};
/* End PBXVariantGroup section */

/* Begin XCBuildConfiguration section */
		20B2959F1D477D1F00B86721 /* Debug */ = {
			isa = XCBuildConfiguration;
			buildSettings = {
				ALWAYS_SEARCH_USER_PATHS = NO;
				CLANG_ANALYZER_NONNULL = YES;
				CLANG_CXX_LANGUAGE_STANDARD = "gnu++0x";
				CLANG_CXX_LIBRARY = "libc++";
				CLANG_ENABLE_MODULES = YES;
				CLANG_ENABLE_OBJC_ARC = YES;
				CLANG_WARN_BOOL_CONVERSION = YES;
				CLANG_WARN_CONSTANT_CONVERSION = YES;
				CLANG_WARN_DIRECT_OBJC_ISA_USAGE = YES_ERROR;
				CLANG_WARN_EMPTY_BODY = YES;
				CLANG_WARN_ENUM_CONVERSION = YES;
				CLANG_WARN_INT_CONVERSION = YES;
				CLANG_WARN_OBJC_ROOT_CLASS = YES_ERROR;
				CLANG_WARN_UNREACHABLE_CODE = YES;
				CLANG_WARN__DUPLICATE_METHOD_MATCH = YES;
				"CODE_SIGN_IDENTITY[sdk=iphoneos*]" = "iPhone Developer";
				COPY_PHASE_STRIP = NO;
				DEBUG_INFORMATION_FORMAT = dwarf;
				ENABLE_STRICT_OBJC_MSGSEND = YES;
				ENABLE_TESTABILITY = YES;
				GCC_C_LANGUAGE_STANDARD = gnu99;
				GCC_DYNAMIC_NO_PIC = NO;
				GCC_NO_COMMON_BLOCKS = YES;
				GCC_OPTIMIZATION_LEVEL = 0;
				GCC_PREPROCESSOR_DEFINITIONS = (
					"DEBUG=1",
					"$(inherited)",
				);
				GCC_WARN_64_TO_32_BIT_CONVERSION = YES;
				GCC_WARN_ABOUT_RETURN_TYPE = YES_ERROR;
				GCC_WARN_UNDECLARED_SELECTOR = YES;
				GCC_WARN_UNINITIALIZED_AUTOS = YES_AGGRESSIVE;
				GCC_WARN_UNUSED_FUNCTION = YES;
				GCC_WARN_UNUSED_VARIABLE = YES;
				IPHONEOS_DEPLOYMENT_TARGET = 9.3;
				MTL_ENABLE_DEBUG_INFO = YES;
				ONLY_ACTIVE_ARCH = YES;
				SDKROOT = iphoneos;
			};
			name = Debug;
		};
		20B295A01D477D1F00B86721 /* Release */ = {
			isa = XCBuildConfiguration;
			buildSettings = {
				ALWAYS_SEARCH_USER_PATHS = NO;
				CLANG_ANALYZER_NONNULL = YES;
				CLANG_CXX_LANGUAGE_STANDARD = "gnu++0x";
				CLANG_CXX_LIBRARY = "libc++";
				CLANG_ENABLE_MODULES = YES;
				CLANG_ENABLE_OBJC_ARC = YES;
				CLANG_WARN_BOOL_CONVERSION = YES;
				CLANG_WARN_CONSTANT_CONVERSION = YES;
				CLANG_WARN_DIRECT_OBJC_ISA_USAGE = YES_ERROR;
				CLANG_WARN_EMPTY_BODY = YES;
				CLANG_WARN_ENUM_CONVERSION = YES;
				CLANG_WARN_INT_CONVERSION = YES;
				CLANG_WARN_OBJC_ROOT_CLASS = YES_ERROR;
				CLANG_WARN_UNREACHABLE_CODE = YES;
				CLANG_WARN__DUPLICATE_METHOD_MATCH = YES;
				"CODE_SIGN_IDENTITY[sdk=iphoneos*]" = "iPhone Developer";
				COPY_PHASE_STRIP = NO;
				DEBUG_INFORMATION_FORMAT = "dwarf-with-dsym";
				ENABLE_NS_ASSERTIONS = NO;
				ENABLE_STRICT_OBJC_MSGSEND = YES;
				GCC_C_LANGUAGE_STANDARD = gnu99;
				GCC_NO_COMMON_BLOCKS = YES;
				GCC_WARN_64_TO_32_BIT_CONVERSION = YES;
				GCC_WARN_ABOUT_RETURN_TYPE = YES_ERROR;
				GCC_WARN_UNDECLARED_SELECTOR = YES;
				GCC_WARN_UNINITIALIZED_AUTOS = YES_AGGRESSIVE;
				GCC_WARN_UNUSED_FUNCTION = YES;
				GCC_WARN_UNUSED_VARIABLE = YES;
				IPHONEOS_DEPLOYMENT_TARGET = 9.3;
				MTL_ENABLE_DEBUG_INFO = NO;
				SDKROOT = iphoneos;
				VALIDATE_PRODUCT = YES;
			};
			name = Release;
		};
		20B295A21D477D1F00B86721 /* Debug */ = {
			isa = XCBuildConfiguration;
			buildSettings = {
				ASSETCATALOG_COMPILER_APPICON_NAME = AppIcon;
				INFOPLIST_FILE = "数据存储plist文件/Info.plist";
				LD_RUNPATH_SEARCH_PATHS = "$(inherited) @executable_path/Frameworks";
				PRODUCT_BUNDLE_IDENTIFIER = "cn.itheima.----plist--";
				PRODUCT_NAME = "$(TARGET_NAME)";
			};
			name = Debug;
		};
		20B295A31D477D1F00B86721 /* Release */ = {
			isa = XCBuildConfiguration;
			buildSettings = {
				ASSETCATALOG_COMPILER_APPICON_NAME = AppIcon;
				INFOPLIST_FILE = "数据存储plist文件/Info.plist";
				LD_RUNPATH_SEARCH_PATHS = "$(inherited) @executable_path/Frameworks";
				PRODUCT_BUNDLE_IDENTIFIER = "cn.itheima.----plist--";
				PRODUCT_NAME = "$(TARGET_NAME)";
			};
			name = Release;
		};
/* End XCBuildConfiguration section */

/* Begin XCConfigurationList section */
		20B295851D477D1E00B86721 /* Build configuration list for PBXProject "数据存储plist文件" */ = {
			isa = XCConfigurationList;
			buildConfigurations = (
				20B2959F1D477D1F00B86721 /* Debug */,
				20B295A01D477D1F00B86721 /* Release */,
			);
			defaultConfigurationIsVisible = 0;
			defaultConfigurationName = Release;
		};
		20B295A11D477D1F00B86721 /* Build configuration list for PBXNativeTarget "数据存储plist文件" */ = {
			isa = XCConfigurationList;
			buildConfigurations = (
				20B295A21D477D1F00B86721 /* Debug */,
				20B295A31D477D1F00B86721 /* Release */,
			);
			defaultConfigurationIsVisible = 0;
		};
/* End XCConfigurationList section */
	};
	rootObject = 20B295821D477D1E00B86721 /* Project object */;
}
