// !$*UTF8*$!
{
	archiveVersion = 1;
	classes = {
	};
	objectVersion = 46;
	objects = {

/* Begin PBXBuildFile section */
		205FDBCA1D5227D5006A4DD4 /* main.m in Sources */ = {isa = PBXBuildFile; fileRef = 205FDBC91D5227D5006A4DD4 /* main.m */; };
		205FDBCD1D5227D5006A4DD4 /* AppDelegate.m in Sources */ = {isa = PBXBuildFile; fileRef = 205FDBCC1D5227D5006A4DD4 /* AppDelegate.m */; };
		205FDBD01D5227D5006A4DD4 /* ViewController.m in Sources */ = {isa = PBXBuildFile; fileRef = 205FDBCF1D5227D5006A4DD4 /* ViewController.m */; };
		205FDBD31D5227D5006A4DD4 /* Main.storyboard in Resources */ = {isa = PBXBuildFile; fileRef = 205FDBD11D5227D5006A4DD4 /* Main.storyboard */; };
		205FDBD51D5227D5006A4DD4 /* Assets.xcassets in Resources */ = {isa = PBXBuildFile; fileRef = 205FDBD41D5227D5006A4DD4 /* Assets.xcassets */; };
		205FDBD81D5227D5006A4DD4 /* LaunchScreen.storyboard in Resources */ = {isa = PBXBuildFile; fileRef = 205FDBD61D5227D5006A4DD4 /* LaunchScreen.storyboard */; };
		205FDBE11D522F2A006A4DD4 /* HMDrawView.m in Sources */ = {isa = PBXBuildFile; fileRef = 205FDBE01D522F2A006A4DD4 /* HMDrawView.m */; };
/* End PBXBuildFile section */

/* Begin PBXFileReference section */
		205FDBC51D5227D5006A4DD4 /* 图形上下文.app */ = {isa = PBXFileReference; explicitFileType = wrapper.application; includeInIndex = 0; path = "图形上下文.app"; sourceTree = BUILT_PRODUCTS_DIR; };
		205FDBC91D5227D5006A4DD4 /* main.m */ = {isa = PBXFileReference; lastKnownFileType = sourcecode.c.objc; path = main.m; sourceTree = "<group>"; };
		205FDBCB1D5227D5006A4DD4 /* AppDelegate.h */ = {isa = PBXFileReference; lastKnownFileType = sourcecode.c.h; path = AppDelegate.h; sourceTree = "<group>"; };
		205FDBCC1D5227D5006A4DD4 /* AppDelegate.m */ = {isa = PBXFileReference; lastKnownFileType = sourcecode.c.objc; path = AppDelegate.m; sourceTree = "<group>"; };
		205FDBCE1D5227D5006A4DD4 /* ViewController.h */ = {isa = PBXFileReference; lastKnownFileType = sourcecode.c.h; path = ViewController.h; sourceTree = "<group>"; };
		205FDBCF1D5227D5006A4DD4 /* ViewController.m */ = {isa = PBXFileReference; lastKnownFileType = sourcecode.c.objc; path = ViewController.m; sourceTree = "<group>"; };
		205FDBD21D5227D5006A4DD4 /* Base */ = {isa = PBXFileReference; lastKnownFileType = file.storyboard; name = Base; path = Base.lproj/Main.storyboard; sourceTree = "<group>"; };
		205FDBD41D5227D5006A4DD4 /* Assets.xcassets */ = {isa = PBXFileReference; lastKnownFileType = folder.assetcatalog; path = Assets.xcassets; sourceTree = "<group>"; };
		205FDBD71D5227D5006A4DD4 /* Base */ = {isa = PBXFileReference; lastKnownFileType = file.storyboard; name = Base; path = Base.lproj/LaunchScreen.storyboard; sourceTree = "<group>"; };
		205FDBD91D5227D5006A4DD4 /* Info.plist */ = {isa = PBXFileReference; lastKnownFileType = text.plist.xml; path = Info.plist; sourceTree = "<group>"; };
		205FDBDF1D522F2A006A4DD4 /* HMDrawView.h */ = {isa = PBXFileReference; fileEncoding = 4; lastKnownFileType = sourcecode.c.h; path = HMDrawView.h; sourceTree = "<group>"; };
		205FDBE01D522F2A006A4DD4 /* HMDrawView.m */ = {isa = PBXFileReference; fileEncoding = 4; lastKnownFileType = sourcecode.c.objc; path = HMDrawView.m; sourceTree = "<group>"; };
/* End PBXFileReference section */

/* Begin PBXFrameworksBuildPhase section */
		205FDBC21D5227D5006A4DD4 /* Frameworks */ = {
			isa = PBXFrameworksBuildPhase;
			buildActionMask = 2147483647;
			files = (
			);
			runOnlyForDeploymentPostprocessing = 0;
		};
/* End PBXFrameworksBuildPhase section */

/* Begin PBXGroup section */
		205FDBBC1D5227D5006A4DD4 = {
			isa = PBXGroup;
			children = (
				205FDBC71D5227D5006A4DD4 /* 图形上下文 */,
				205FDBC61D5227D5006A4DD4 /* Products */,
			);
			sourceTree = "<group>";
		};
		205FDBC61D5227D5006A4DD4 /* Products */ = {
			isa = PBXGroup;
			children = (
				205FDBC51D5227D5006A4DD4 /* 图形上下文.app */,
			);
			name = Products;
			sourceTree = "<group>";
		};
		205FDBC71D5227D5006A4DD4 /* 图形上下文 */ = {
			isa = PBXGroup;
			children = (
				205FDBCB1D5227D5006A4DD4 /* AppDelegate.h */,
				205FDBCC1D5227D5006A4DD4 /* AppDelegate.m */,
				205FDBCE1D5227D5006A4DD4 /* ViewController.h */,
				205FDBCF1D5227D5006A4DD4 /* ViewController.m */,
				205FDBDF1D522F2A006A4DD4 /* HMDrawView.h */,
				205FDBE01D522F2A006A4DD4 /* HMDrawView.m */,
				205FDBD11D5227D5006A4DD4 /* Main.storyboard */,
				205FDBD41D5227D5006A4DD4 /* Assets.xcassets */,
				205FDBD61D5227D5006A4DD4 /* LaunchScreen.storyboard */,
				205FDBD91D5227D5006A4DD4 /* Info.plist */,
				205FDBC81D5227D5006A4DD4 /* Supporting Files */,
			);
			path = "图形上下文";
			sourceTree = "<group>";
		};
		205FDBC81D5227D5006A4DD4 /* Supporting Files */ = {
			isa = PBXGroup;
			children = (
				205FDBC91D5227D5006A4DD4 /* main.m */,
			);
			name = "Supporting Files";
			sourceTree = "<group>";
		};
/* End PBXGroup section */

/* Begin PBXNativeTarget section */
		205FDBC41D5227D5006A4DD4 /* 图形上下文 */ = {
			isa = PBXNativeTarget;
			buildConfigurationList = 205FDBDC1D5227D5006A4DD4 /* Build configuration list for PBXNativeTarget "图形上下文" */;
			buildPhases = (
				205FDBC11D5227D5006A4DD4 /* Sources */,
				205FDBC21D5227D5006A4DD4 /* Frameworks */,
				205FDBC31D5227D5006A4DD4 /* Resources */,
			);
			buildRules = (
			);
			dependencies = (
			);
			name = "图形上下文";
			productName = "图形上下文";
			productReference = 205FDBC51D5227D5006A4DD4 /* 图形上下文.app */;
			productType = "com.apple.product-type.application";
		};
/* End PBXNativeTarget section */

/* Begin PBXProject section */
		205FDBBD1D5227D5006A4DD4 /* Project object */ = {
			isa = PBXProject;
			attributes = {
				LastUpgradeCheck = 0730;
				ORGANIZATIONNAME = HM;
				TargetAttributes = {
					205FDBC41D5227D5006A4DD4 = {
						CreatedOnToolsVersion = 7.3.1;
					};
				};
			};
			buildConfigurationList = 205FDBC01D5227D5006A4DD4 /* Build configuration list for PBXProject "图形上下文" */;
			compatibilityVersion = "Xcode 3.2";
			developmentRegion = English;
			hasScannedForEncodings = 0;
			knownRegions = (
				en,
				Base,
			);
			mainGroup = 205FDBBC1D5227D5006A4DD4;
			productRefGroup = 205FDBC61D5227D5006A4DD4 /* Products */;
			projectDirPath = "";
			projectRoot = "";
			targets = (
				205FDBC41D5227D5006A4DD4 /* 图形上下文 */,
			);
		};
/* End PBXProject section */

/* Begin PBXResourcesBuildPhase section */
		205FDBC31D5227D5006A4DD4 /* Resources */ = {
			isa = PBXResourcesBuildPhase;
			buildActionMask = 2147483647;
			files = (
				205FDBD81D5227D5006A4DD4 /* LaunchScreen.storyboard in Resources */,
				205FDBD51D5227D5006A4DD4 /* Assets.xcassets in Resources */,
				205FDBD31D5227D5006A4DD4 /* Main.storyboard in Resources */,
			);
			runOnlyForDeploymentPostprocessing = 0;
		};
/* End PBXResourcesBuildPhase section */

/* Begin PBXSourcesBuildPhase section */
		205FDBC11D5227D5006A4DD4 /* Sources */ = {
			isa = PBXSourcesBuildPhase;
			buildActionMask = 2147483647;
			files = (
				205FDBD01D5227D5006A4DD4 /* ViewController.m in Sources */,
				205FDBE11D522F2A006A4DD4 /* HMDrawView.m in Sources */,
				205FDBCD1D5227D5006A4DD4 /* AppDelegate.m in Sources */,
				205FDBCA1D5227D5006A4DD4 /* main.m in Sources */,
			);
			runOnlyForDeploymentPostprocessing = 0;
		};
/* End PBXSourcesBuildPhase section */

/* Begin PBXVariantGroup section */
		205FDBD11D5227D5006A4DD4 /* Main.storyboard */ = {
			isa = PBXVariantGroup;
			children = (
				205FDBD21D5227D5006A4DD4 /* Base */,
			);
			name = Main.storyboard;
			sourceTree = "<group>";
		};
		205FDBD61D5227D5006A4DD4 /* LaunchScreen.storyboard */ = {
			isa = PBXVariantGroup;
			children = (
				205FDBD71D5227D5006A4DD4 /* Base */,
			);
			name = LaunchScreen.storyboard;
			sourceTree = "<group>";
		};
/* End PBXVariantGroup section */

/* Begin XCBuildConfiguration section */
		205FDBDA1D5227D5006A4DD4 /* Debug */ = {
			isa = XCBuildConfiguration;
			buildSettings = {
				ALWAYS_SEARCH_USER_PATHS = NO;
				CLANG_ANALYZER_NONNULL = YES;
				CLANG_CXX_LANGUAGE_STANDARD = "gnu++0x";
				CLANG_CXX_LIBRARY = "libc++";
				CLANG_ENABLE_MODULES = YES;
				CLANG_ENABLE_OBJC_ARC = YES;
				CLANG_WARN_BOOL_CONVERSION = YES;
				CLANG_WARN_CONSTANT_CONVERSION = YES;
				CLANG_WARN_DIRECT_OBJC_ISA_USAGE = YES_ERROR;
				CLANG_WARN_EMPTY_BODY = YES;
				CLANG_WARN_ENUM_CONVERSION = YES;
				CLANG_WARN_INT_CONVERSION = YES;
				CLANG_WARN_OBJC_ROOT_CLASS = YES_ERROR;
				CLANG_WARN_UNREACHABLE_CODE = YES;
				CLANG_WARN__DUPLICATE_METHOD_MATCH = YES;
				"CODE_SIGN_IDENTITY[sdk=iphoneos*]" = "iPhone Developer";
				COPY_PHASE_STRIP = NO;
				DEBUG_INFORMATION_FORMAT = dwarf;
				ENABLE_STRICT_OBJC_MSGSEND = YES;
				ENABLE_TESTABILITY = YES;
				GCC_C_LANGUAGE_STANDARD = gnu99;
				GCC_DYNAMIC_NO_PIC = NO;
				GCC_NO_COMMON_BLOCKS = YES;
				GCC_OPTIMIZATION_LEVEL = 0;
				GCC_PREPROCESSOR_DEFINITIONS = (
					"DEBUG=1",
					"$(inherited)",
				);
				GCC_WARN_64_TO_32_BIT_CONVERSION = YES;
				GCC_WARN_ABOUT_RETURN_TYPE = YES_ERROR;
				GCC_WARN_UNDECLARED_SELECTOR = YES;
				GCC_WARN_UNINITIALIZED_AUTOS = YES_AGGRESSIVE;
				GCC_WARN_UNUSED_FUNCTION = YES;
				GCC_WARN_UNUSED_VARIABLE = YES;
				IPHONEOS_DEPLOYMENT_TARGET = 9.3;
				MTL_ENABLE_DEBUG_INFO = YES;
				ONLY_ACTIVE_ARCH = YES;
				SDKROOT = iphoneos;
			};
			name = Debug;
		};
		205FDBDB1D5227D5006A4DD4 /* Release */ = {
			isa = XCBuildConfiguration;
			buildSettings = {
				ALWAYS_SEARCH_USER_PATHS = NO;
				CLANG_ANALYZER_NONNULL = YES;
				CLANG_CXX_LANGUAGE_STANDARD = "gnu++0x";
				CLANG_CXX_LIBRARY = "libc++";
				CLANG_ENABLE_MODULES = YES;
				CLANG_ENABLE_OBJC_ARC = YES;
				CLANG_WARN_BOOL_CONVERSION = YES;
				CLANG_WARN_CONSTANT_CONVERSION = YES;
				CLANG_WARN_DIRECT_OBJC_ISA_USAGE = YES_ERROR;
				CLANG_WARN_EMPTY_BODY = YES;
				CLANG_WARN_ENUM_CONVERSION = YES;
				CLANG_WARN_INT_CONVERSION = YES;
				CLANG_WARN_OBJC_ROOT_CLASS = YES_ERROR;
				CLANG_WARN_UNREACHABLE_CODE = YES;
				CLANG_WARN__DUPLICATE_METHOD_MATCH = YES;
				"CODE_SIGN_IDENTITY[sdk=iphoneos*]" = "iPhone Developer";
				COPY_PHASE_STRIP = NO;
				DEBUG_INFORMATION_FORMAT = "dwarf-with-dsym";
				ENABLE_NS_ASSERTIONS = NO;
				ENABLE_STRICT_OBJC_MSGSEND = YES;
				GCC_C_LANGUAGE_STANDARD = gnu99;
				GCC_NO_COMMON_BLOCKS = YES;
				GCC_WARN_64_TO_32_BIT_CONVERSION = YES;
				GCC_WARN_ABOUT_RETURN_TYPE = YES_ERROR;
				GCC_WARN_UNDECLARED_SELECTOR = YES;
				GCC_WARN_UNINITIALIZED_AUTOS = YES_AGGRESSIVE;
				GCC_WARN_UNUSED_FUNCTION = YES;
				GCC_WARN_UNUSED_VARIABLE = YES;
				IPHONEOS_DEPLOYMENT_TARGET = 9.3;
				MTL_ENABLE_DEBUG_INFO = NO;
				SDKROOT = iphoneos;
				VALIDATE_PRODUCT = YES;
			};
			name = Release;
		};
		205FDBDD1D5227D5006A4DD4 /* Debug */ = {
			isa = XCBuildConfiguration;
			buildSettings = {
				ASSETCATALOG_COMPILER_APPICON_NAME = AppIcon;
				INFOPLIST_FILE = "图形上下文/Info.plist";
				LD_RUNPATH_SEARCH_PATHS = "$(inherited) @executable_path/Frameworks";
				PRODUCT_BUNDLE_IDENTIFIER = "cn.itheima.-----";
				PRODUCT_NAME = "$(TARGET_NAME)";
			};
			name = Debug;
		};
		205FDBDE1D5227D5006A4DD4 /* Release */ = {
			isa = XCBuildConfiguration;
			buildSettings = {
				ASSETCATALOG_COMPILER_APPICON_NAME = AppIcon;
				INFOPLIST_FILE = "图形上下文/Info.plist";
				LD_RUNPATH_SEARCH_PATHS = "$(inherited) @executable_path/Frameworks";
				PRODUCT_BUNDLE_IDENTIFIER = "cn.itheima.-----";
				PRODUCT_NAME = "$(TARGET_NAME)";
			};
			name = Release;
		};
/* End XCBuildConfiguration section */

/* Begin XCConfigurationList section */
		205FDBC01D5227D5006A4DD4 /* Build configuration list for PBXProject "图形上下文" */ = {
			isa = XCConfigurationList;
			buildConfigurations = (
				205FDBDA1D5227D5006A4DD4 /* Debug */,
				205FDBDB1D5227D5006A4DD4 /* Release */,
			);
			defaultConfigurationIsVisible = 0;
			defaultConfigurationName = Release;
		};
		205FDBDC1D5227D5006A4DD4 /* Build configuration list for PBXNativeTarget "图形上下文" */ = {
			isa = XCConfigurationList;
			buildConfigurations = (
				205FDBDD1D5227D5006A4DD4 /* Debug */,
				205FDBDE1D5227D5006A4DD4 /* Release */,
			);
			defaultConfigurationIsVisible = 0;
		};
/* End XCConfigurationList section */
	};
	rootObject = 205FDBBD1D5227D5006A4DD4 /* Project object */;
}
